// !$*UTF8*$!
{
        archiveVersion = 1;
        classes = {
        };
        objectVersion = 46;
        objects = {

/* Begin PBXAggregateTarget section */
		ACD3231CACD33DCA00000006 /* install-certs */ = {
    			isa = PBXAggregateTarget;
    			buildConfigurationList = ACD3231CACD33DCA00000005 /* Build configuration list for PBXAggregateTarget "install-certs" */;
    			buildPhases = (
    				ACD3231CACD33DCA00000007,
    			);
    			dependencies = (
				ACD3231CACD33DCA00000008 /* PBXTargetDependency Prep */,
			);
    			name = install-certs;
    			productName = install-certs;
    		};
		ACD3231CACD33DCA0000000A /* All */ = {
    			isa = PBXAggregateTarget;
    			buildConfigurationList = ACD3231CACD33DCA00000009 /* Build configuration list for PBXAggregateTarget "All" */;
    			buildPhases = (
    				
    			);
    			dependencies = (
				ACD3231CACD33DCA0000000B /* PBXTargetDependency http-server */,
				ACD3231CACD33DCA0000000C /* PBXTargetDependency httpcmd */,
				ACD3231CACD33DCA0000000D /* PBXTargetDependency install-certs */,
				ACD3231CACD33DCA0000000E /* PBXTargetDependency libhttp */,
				ACD3231CACD33DCA0000000F /* PBXTargetDependency libmbedtls */,
				ACD3231CACD33DCA00000010 /* PBXTargetDependency libmpr */,
				ACD3231CACD33DCA00000011 /* PBXTargetDependency libmpr-mbedtls */,
				ACD3231CACD33DCA00000012 /* PBXTargetDependency libpcre */,
				ACD3231CACD33DCA00000013 /* PBXTargetDependency All */,
				ACD3231CACD33DCA00000014 /* PBXTargetDependency Prep */,
			);
    			name = All;
    			productName = All;
    		};
		ACD3231CACD33DCA00000016 /* Prep */ = {
    			isa = PBXAggregateTarget;
    			buildConfigurationList = ACD3231CACD33DCA00000015 /* Build configuration list for PBXAggregateTarget "Prep" */;
    			buildPhases = (
    				ACD3231CACD33DCA00000017,
    			);
    			dependencies = (
			);
    			name = Prep;
    			productName = Prep;
    		};
/* End PBXAggregateTarget section */

/* Begin PBXBuildFile section */
		ACD3231CACD33DCA00000018 /* http-server.c in Sources */ = {isa = PBXBuildFile; fileRef = ACD3231CACD33DCA00000019 /* http-server.c */; };
		ACD3231CACD33DCA0000001A /* http.c in Sources */ = {isa = PBXBuildFile; fileRef = ACD3231CACD33DCA0000001B /* http.c */; };
		ACD3231CACD33DCA0000001C /* actionHandler.c in Sources */ = {isa = PBXBuildFile; fileRef = ACD3231CACD33DCA0000001D /* actionHandler.c */; };
		ACD3231CACD33DCA0000001E /* auth.c in Sources */ = {isa = PBXBuildFile; fileRef = ACD3231CACD33DCA0000001F /* auth.c */; };
		ACD3231CACD33DCA00000020 /* basic.c in Sources */ = {isa = PBXBuildFile; fileRef = ACD3231CACD33DCA00000021 /* basic.c */; };
		ACD3231CACD33DCA00000022 /* cache.c in Sources */ = {isa = PBXBuildFile; fileRef = ACD3231CACD33DCA00000023 /* cache.c */; };
		ACD3231CACD33DCA00000024 /* chunkFilter.c in Sources */ = {isa = PBXBuildFile; fileRef = ACD3231CACD33DCA00000025 /* chunkFilter.c */; };
		ACD3231CACD33DCA00000026 /* client.c in Sources */ = {isa = PBXBuildFile; fileRef = ACD3231CACD33DCA00000027 /* client.c */; };
		ACD3231CACD33DCA00000028 /* config.c in Sources */ = {isa = PBXBuildFile; fileRef = ACD3231CACD33DCA00000029 /* config.c */; };
		ACD3231CACD33DCA0000002A /* conn.c in Sources */ = {isa = PBXBuildFile; fileRef = ACD3231CACD33DCA0000002B /* conn.c */; };
		ACD3231CACD33DCA0000002C /* digest.c in Sources */ = {isa = PBXBuildFile; fileRef = ACD3231CACD33DCA0000002D /* digest.c */; };
		ACD3231CACD33DCA0000002E /* dirHandler.c in Sources */ = {isa = PBXBuildFile; fileRef = ACD3231CACD33DCA0000002F /* dirHandler.c */; };
		ACD3231CACD33DCA00000030 /* endpoint.c in Sources */ = {isa = PBXBuildFile; fileRef = ACD3231CACD33DCA00000031 /* endpoint.c */; };
		ACD3231CACD33DCA00000032 /* error.c in Sources */ = {isa = PBXBuildFile; fileRef = ACD3231CACD33DCA00000033 /* error.c */; };
		ACD3231CACD33DCA00000034 /* fileHandler.c in Sources */ = {isa = PBXBuildFile; fileRef = ACD3231CACD33DCA00000035 /* fileHandler.c */; };
		ACD3231CACD33DCA00000036 /* host.c in Sources */ = {isa = PBXBuildFile; fileRef = ACD3231CACD33DCA00000037 /* host.c */; };
		ACD3231CACD33DCA00000038 /* monitor.c in Sources */ = {isa = PBXBuildFile; fileRef = ACD3231CACD33DCA00000039 /* monitor.c */; };
		ACD3231CACD33DCA0000003A /* netConnector.c in Sources */ = {isa = PBXBuildFile; fileRef = ACD3231CACD33DCA0000003B /* netConnector.c */; };
		ACD3231CACD33DCA0000003C /* packet.c in Sources */ = {isa = PBXBuildFile; fileRef = ACD3231CACD33DCA0000003D /* packet.c */; };
		ACD3231CACD33DCA0000003E /* pam.c in Sources */ = {isa = PBXBuildFile; fileRef = ACD3231CACD33DCA0000003F /* pam.c */; };
		ACD3231CACD33DCA00000040 /* passHandler.c in Sources */ = {isa = PBXBuildFile; fileRef = ACD3231CACD33DCA00000041 /* passHandler.c */; };
		ACD3231CACD33DCA00000042 /* pipeline.c in Sources */ = {isa = PBXBuildFile; fileRef = ACD3231CACD33DCA00000043 /* pipeline.c */; };
		ACD3231CACD33DCA00000044 /* queue.c in Sources */ = {isa = PBXBuildFile; fileRef = ACD3231CACD33DCA00000045 /* queue.c */; };
		ACD3231CACD33DCA00000046 /* rangeFilter.c in Sources */ = {isa = PBXBuildFile; fileRef = ACD3231CACD33DCA00000047 /* rangeFilter.c */; };
		ACD3231CACD33DCA00000048 /* route.c in Sources */ = {isa = PBXBuildFile; fileRef = ACD3231CACD33DCA00000049 /* route.c */; };
		ACD3231CACD33DCA0000004A /* rx.c in Sources */ = {isa = PBXBuildFile; fileRef = ACD3231CACD33DCA0000004B /* rx.c */; };
		ACD3231CACD33DCA0000004C /* sendConnector.c in Sources */ = {isa = PBXBuildFile; fileRef = ACD3231CACD33DCA0000004D /* sendConnector.c */; };
		ACD3231CACD33DCA0000004E /* service.c in Sources */ = {isa = PBXBuildFile; fileRef = ACD3231CACD33DCA0000004F /* service.c */; };
		ACD3231CACD33DCA00000050 /* session.c in Sources */ = {isa = PBXBuildFile; fileRef = ACD3231CACD33DCA00000051 /* session.c */; };
		ACD3231CACD33DCA00000052 /* stage.c in Sources */ = {isa = PBXBuildFile; fileRef = ACD3231CACD33DCA00000053 /* stage.c */; };
		ACD3231CACD33DCA00000054 /* trace.c in Sources */ = {isa = PBXBuildFile; fileRef = ACD3231CACD33DCA00000055 /* trace.c */; };
		ACD3231CACD33DCA00000056 /* tx.c in Sources */ = {isa = PBXBuildFile; fileRef = ACD3231CACD33DCA00000057 /* tx.c */; };
		ACD3231CACD33DCA00000058 /* uploadFilter.c in Sources */ = {isa = PBXBuildFile; fileRef = ACD3231CACD33DCA00000059 /* uploadFilter.c */; };
		ACD3231CACD33DCA0000005A /* uri.c in Sources */ = {isa = PBXBuildFile; fileRef = ACD3231CACD33DCA0000005B /* uri.c */; };
		ACD3231CACD33DCA0000005C /* user.c in Sources */ = {isa = PBXBuildFile; fileRef = ACD3231CACD33DCA0000005D /* user.c */; };
		ACD3231CACD33DCA0000005E /* var.c in Sources */ = {isa = PBXBuildFile; fileRef = ACD3231CACD33DCA0000005F /* var.c */; };
		ACD3231CACD33DCA00000060 /* webSockFilter.c in Sources */ = {isa = PBXBuildFile; fileRef = ACD3231CACD33DCA00000061 /* webSockFilter.c */; };
		ACD3231CACD33DCA00000062 /* mbedtls.c in Sources */ = {isa = PBXBuildFile; fileRef = ACD3231CACD33DCA00000063 /* mbedtls.c */; };
		ACD3231CACD33DCA00000064 /* mprLib.c in Sources */ = {isa = PBXBuildFile; fileRef = ACD3231CACD33DCA00000065 /* mprLib.c */; };
		ACD3231CACD33DCA00000066 /* mpr-mbedtls.c in Sources */ = {isa = PBXBuildFile; fileRef = ACD3231CACD33DCA00000067 /* mpr-mbedtls.c */; };
		ACD3231CACD33DCA00000068 /* pcre.c in Sources */ = {isa = PBXBuildFile; fileRef = ACD3231CACD33DCA00000069 /* pcre.c */; };
		ACD3231CACD33DCA0000006A /* libhttp.a for http-server */ = {isa = PBXBuildFile; fileRef = ACD3231CACD33DCA0000006B; };
		ACD3231CACD33DCA0000006C /* libpcre.a for http-server */ = {isa = PBXBuildFile; fileRef = ACD3231CACD33DCA0000006D; };
		ACD3231CACD33DCA0000006E /* libmpr.a for http-server */ = {isa = PBXBuildFile; fileRef = ACD3231CACD33DCA0000006F; };
		ACD3231CACD33DCA00000070 /* libmpr-mbedtls.a for http-server */ = {isa = PBXBuildFile; fileRef = ACD3231CACD33DCA00000071; };
		ACD3231CACD33DCA00000072 /* libmbedtls.a for http-server */ = {isa = PBXBuildFile; fileRef = ACD3231CACD33DCA00000073; };
		ACD3231CACD33DCA00000074 /* libhttp.a for httpcmd */ = {isa = PBXBuildFile; fileRef = ACD3231CACD33DCA0000006B; };
		ACD3231CACD33DCA00000075 /* libpcre.a for httpcmd */ = {isa = PBXBuildFile; fileRef = ACD3231CACD33DCA0000006D; };
		ACD3231CACD33DCA00000076 /* libmpr.a for httpcmd */ = {isa = PBXBuildFile; fileRef = ACD3231CACD33DCA0000006F; };
		ACD3231CACD33DCA00000077 /* libmpr-mbedtls.a for httpcmd */ = {isa = PBXBuildFile; fileRef = ACD3231CACD33DCA00000071; };
		ACD3231CACD33DCA00000078 /* libmbedtls.a for httpcmd */ = {isa = PBXBuildFile; fileRef = ACD3231CACD33DCA00000073; };
		ACD3231CACD33DCA00000079 /* libpcre.a for libhttp */ = {isa = PBXBuildFile; fileRef = ACD3231CACD33DCA0000006D; };
		ACD3231CACD33DCA0000007A /* libmpr.a for libhttp */ = {isa = PBXBuildFile; fileRef = ACD3231CACD33DCA0000006F; };
		ACD3231CACD33DCA0000007B /* libmpr-mbedtls.a for libhttp */ = {isa = PBXBuildFile; fileRef = ACD3231CACD33DCA00000071; };
		ACD3231CACD33DCA0000007C /* libmbedtls.a for libhttp */ = {isa = PBXBuildFile; fileRef = ACD3231CACD33DCA00000073; };
		ACD3231CACD33DCA0000007D /* libmpr-mbedtls.a for libmpr */ = {isa = PBXBuildFile; fileRef = ACD3231CACD33DCA00000071; };
		ACD3231CACD33DCA0000007E /* libmbedtls.a for libmpr */ = {isa = PBXBuildFile; fileRef = ACD3231CACD33DCA00000073; };
		ACD3231CACD33DCA0000007F /* libmbedtls.a for libmpr-mbedtls */ = {isa = PBXBuildFile; fileRef = ACD3231CACD33DCA00000073; };
/* End PBXBuildFile section */

/* Begin PBXContainerItemProxy section */
		ACD3231CACD33DCA00000080 /* PBXContainerItemProxy Prep from http-server */ = {
    			isa = PBXContainerItemProxy;
    			containerPortal = ACD3231CACD33DCA00000001 /* Project object */;
    			proxyType = 1;
    			remoteGlobalIDString = ACD3231CACD33DCA00000016;
    			remoteInfo = Prep;
    		};
		ACD3231CACD33DCA00000081 /* PBXContainerItemProxy libmbedtls from http-server */ = {
    			isa = PBXContainerItemProxy;
    			containerPortal = ACD3231CACD33DCA00000001 /* Project object */;
    			proxyType = 1;
    			remoteGlobalIDString = ACD3231CACD33DCA00000082;
    			remoteInfo = libmbedtls;
    		};
		ACD3231CACD33DCA00000083 /* PBXContainerItemProxy libmpr-mbedtls from http-server */ = {
    			isa = PBXContainerItemProxy;
    			containerPortal = ACD3231CACD33DCA00000001 /* Project object */;
    			proxyType = 1;
    			remoteGlobalIDString = ACD3231CACD33DCA00000084;
    			remoteInfo = libmpr-mbedtls;
    		};
		ACD3231CACD33DCA00000085 /* PBXContainerItemProxy libmpr from http-server */ = {
    			isa = PBXContainerItemProxy;
    			containerPortal = ACD3231CACD33DCA00000001 /* Project object */;
    			proxyType = 1;
    			remoteGlobalIDString = ACD3231CACD33DCA00000086;
    			remoteInfo = libmpr;
    		};
		ACD3231CACD33DCA00000087 /* PBXContainerItemProxy libpcre from http-server */ = {
    			isa = PBXContainerItemProxy;
    			containerPortal = ACD3231CACD33DCA00000001 /* Project object */;
    			proxyType = 1;
    			remoteGlobalIDString = ACD3231CACD33DCA00000088;
    			remoteInfo = libpcre;
    		};
		ACD3231CACD33DCA00000089 /* PBXContainerItemProxy libhttp from http-server */ = {
    			isa = PBXContainerItemProxy;
    			containerPortal = ACD3231CACD33DCA00000001 /* Project object */;
    			proxyType = 1;
    			remoteGlobalIDString = ACD3231CACD33DCA0000008A;
    			remoteInfo = libhttp;
    		};
		ACD3231CACD33DCA0000008B /* PBXContainerItemProxy Prep from httpcmd */ = {
    			isa = PBXContainerItemProxy;
    			containerPortal = ACD3231CACD33DCA00000001 /* Project object */;
    			proxyType = 1;
    			remoteGlobalIDString = ACD3231CACD33DCA00000016;
    			remoteInfo = Prep;
    		};
		ACD3231CACD33DCA0000008C /* PBXContainerItemProxy libmbedtls from httpcmd */ = {
    			isa = PBXContainerItemProxy;
    			containerPortal = ACD3231CACD33DCA00000001 /* Project object */;
    			proxyType = 1;
    			remoteGlobalIDString = ACD3231CACD33DCA00000082;
    			remoteInfo = libmbedtls;
    		};
		ACD3231CACD33DCA0000008D /* PBXContainerItemProxy libmpr-mbedtls from httpcmd */ = {
    			isa = PBXContainerItemProxy;
    			containerPortal = ACD3231CACD33DCA00000001 /* Project object */;
    			proxyType = 1;
    			remoteGlobalIDString = ACD3231CACD33DCA00000084;
    			remoteInfo = libmpr-mbedtls;
    		};
		ACD3231CACD33DCA0000008E /* PBXContainerItemProxy libmpr from httpcmd */ = {
    			isa = PBXContainerItemProxy;
    			containerPortal = ACD3231CACD33DCA00000001 /* Project object */;
    			proxyType = 1;
    			remoteGlobalIDString = ACD3231CACD33DCA00000086;
    			remoteInfo = libmpr;
    		};
		ACD3231CACD33DCA0000008F /* PBXContainerItemProxy libpcre from httpcmd */ = {
    			isa = PBXContainerItemProxy;
    			containerPortal = ACD3231CACD33DCA00000001 /* Project object */;
    			proxyType = 1;
    			remoteGlobalIDString = ACD3231CACD33DCA00000088;
    			remoteInfo = libpcre;
    		};
		ACD3231CACD33DCA00000090 /* PBXContainerItemProxy libhttp from httpcmd */ = {
    			isa = PBXContainerItemProxy;
    			containerPortal = ACD3231CACD33DCA00000001 /* Project object */;
    			proxyType = 1;
    			remoteGlobalIDString = ACD3231CACD33DCA0000008A;
    			remoteInfo = libhttp;
    		};
		ACD3231CACD33DCA00000091 /* PBXContainerItemProxy Prep from install-certs */ = {
    			isa = PBXContainerItemProxy;
    			containerPortal = ACD3231CACD33DCA00000001 /* Project object */;
    			proxyType = 1;
    			remoteGlobalIDString = ACD3231CACD33DCA00000016;
    			remoteInfo = Prep;
    		};
		ACD3231CACD33DCA00000092 /* PBXContainerItemProxy Prep from libhttp */ = {
    			isa = PBXContainerItemProxy;
    			containerPortal = ACD3231CACD33DCA00000001 /* Project object */;
    			proxyType = 1;
    			remoteGlobalIDString = ACD3231CACD33DCA00000016;
    			remoteInfo = Prep;
    		};
		ACD3231CACD33DCA00000093 /* PBXContainerItemProxy libmbedtls from libhttp */ = {
    			isa = PBXContainerItemProxy;
    			containerPortal = ACD3231CACD33DCA00000001 /* Project object */;
    			proxyType = 1;
    			remoteGlobalIDString = ACD3231CACD33DCA00000082;
    			remoteInfo = libmbedtls;
    		};
		ACD3231CACD33DCA00000094 /* PBXContainerItemProxy libmpr-mbedtls from libhttp */ = {
    			isa = PBXContainerItemProxy;
    			containerPortal = ACD3231CACD33DCA00000001 /* Project object */;
    			proxyType = 1;
    			remoteGlobalIDString = ACD3231CACD33DCA00000084;
    			remoteInfo = libmpr-mbedtls;
    		};
		ACD3231CACD33DCA00000095 /* PBXContainerItemProxy libmpr from libhttp */ = {
    			isa = PBXContainerItemProxy;
    			containerPortal = ACD3231CACD33DCA00000001 /* Project object */;
    			proxyType = 1;
    			remoteGlobalIDString = ACD3231CACD33DCA00000086;
    			remoteInfo = libmpr;
    		};
		ACD3231CACD33DCA00000096 /* PBXContainerItemProxy libpcre from libhttp */ = {
    			isa = PBXContainerItemProxy;
    			containerPortal = ACD3231CACD33DCA00000001 /* Project object */;
    			proxyType = 1;
    			remoteGlobalIDString = ACD3231CACD33DCA00000088;
    			remoteInfo = libpcre;
    		};
		ACD3231CACD33DCA00000097 /* PBXContainerItemProxy Prep from libmbedtls */ = {
    			isa = PBXContainerItemProxy;
    			containerPortal = ACD3231CACD33DCA00000001 /* Project object */;
    			proxyType = 1;
    			remoteGlobalIDString = ACD3231CACD33DCA00000016;
    			remoteInfo = Prep;
    		};
		ACD3231CACD33DCA00000098 /* PBXContainerItemProxy Prep from libmpr */ = {
    			isa = PBXContainerItemProxy;
    			containerPortal = ACD3231CACD33DCA00000001 /* Project object */;
    			proxyType = 1;
    			remoteGlobalIDString = ACD3231CACD33DCA00000016;
    			remoteInfo = Prep;
    		};
		ACD3231CACD33DCA00000099 /* PBXContainerItemProxy libmbedtls from libmpr */ = {
    			isa = PBXContainerItemProxy;
    			containerPortal = ACD3231CACD33DCA00000001 /* Project object */;
    			proxyType = 1;
    			remoteGlobalIDString = ACD3231CACD33DCA00000082;
    			remoteInfo = libmbedtls;
    		};
		ACD3231CACD33DCA0000009A /* PBXContainerItemProxy libmpr-mbedtls from libmpr */ = {
    			isa = PBXContainerItemProxy;
    			containerPortal = ACD3231CACD33DCA00000001 /* Project object */;
    			proxyType = 1;
    			remoteGlobalIDString = ACD3231CACD33DCA00000084;
    			remoteInfo = libmpr-mbedtls;
    		};
		ACD3231CACD33DCA0000009B /* PBXContainerItemProxy Prep from libmpr-mbedtls */ = {
    			isa = PBXContainerItemProxy;
    			containerPortal = ACD3231CACD33DCA00000001 /* Project object */;
    			proxyType = 1;
    			remoteGlobalIDString = ACD3231CACD33DCA00000016;
    			remoteInfo = Prep;
    		};
		ACD3231CACD33DCA0000009C /* PBXContainerItemProxy libmbedtls from libmpr-mbedtls */ = {
    			isa = PBXContainerItemProxy;
    			containerPortal = ACD3231CACD33DCA00000001 /* Project object */;
    			proxyType = 1;
    			remoteGlobalIDString = ACD3231CACD33DCA00000082;
    			remoteInfo = libmbedtls;
    		};
		ACD3231CACD33DCA0000009D /* PBXContainerItemProxy Prep from libpcre */ = {
    			isa = PBXContainerItemProxy;
    			containerPortal = ACD3231CACD33DCA00000001 /* Project object */;
    			proxyType = 1;
    			remoteGlobalIDString = ACD3231CACD33DCA00000016;
    			remoteInfo = Prep;
    		};
		ACD3231CACD33DCA0000009E /* PBXContainerItemProxy Prep from All */ = {
    			isa = PBXContainerItemProxy;
    			containerPortal = ACD3231CACD33DCA00000001 /* Project object */;
    			proxyType = 1;
    			remoteGlobalIDString = ACD3231CACD33DCA00000016;
    			remoteInfo = Prep;
    		};
		ACD3231CACD33DCA0000009F /* PBXContainerItemProxy libmbedtls from All */ = {
    			isa = PBXContainerItemProxy;
    			containerPortal = ACD3231CACD33DCA00000001 /* Project object */;
    			proxyType = 1;
    			remoteGlobalIDString = ACD3231CACD33DCA00000082;
    			remoteInfo = libmbedtls;
    		};
		ACD3231CACD33DCA000000A0 /* PBXContainerItemProxy libmpr-mbedtls from All */ = {
    			isa = PBXContainerItemProxy;
    			containerPortal = ACD3231CACD33DCA00000001 /* Project object */;
    			proxyType = 1;
    			remoteGlobalIDString = ACD3231CACD33DCA00000084;
    			remoteInfo = libmpr-mbedtls;
    		};
		ACD3231CACD33DCA000000A1 /* PBXContainerItemProxy libmpr from All */ = {
    			isa = PBXContainerItemProxy;
    			containerPortal = ACD3231CACD33DCA00000001 /* Project object */;
    			proxyType = 1;
    			remoteGlobalIDString = ACD3231CACD33DCA00000086;
    			remoteInfo = libmpr;
    		};
		ACD3231CACD33DCA000000A2 /* PBXContainerItemProxy libpcre from All */ = {
    			isa = PBXContainerItemProxy;
    			containerPortal = ACD3231CACD33DCA00000001 /* Project object */;
    			proxyType = 1;
    			remoteGlobalIDString = ACD3231CACD33DCA00000088;
    			remoteInfo = libpcre;
    		};
		ACD3231CACD33DCA000000A3 /* PBXContainerItemProxy libhttp from All */ = {
    			isa = PBXContainerItemProxy;
    			containerPortal = ACD3231CACD33DCA00000001 /* Project object */;
    			proxyType = 1;
    			remoteGlobalIDString = ACD3231CACD33DCA0000008A;
    			remoteInfo = libhttp;
    		};
		ACD3231CACD33DCA000000A4 /* PBXContainerItemProxy http-server from All */ = {
    			isa = PBXContainerItemProxy;
    			containerPortal = ACD3231CACD33DCA00000001 /* Project object */;
    			proxyType = 1;
    			remoteGlobalIDString = ACD3231CACD33DCA000000A5;
    			remoteInfo = http-server;
    		};
		ACD3231CACD33DCA000000A6 /* PBXContainerItemProxy httpcmd from All */ = {
    			isa = PBXContainerItemProxy;
    			containerPortal = ACD3231CACD33DCA00000001 /* Project object */;
    			proxyType = 1;
    			remoteGlobalIDString = ACD3231CACD33DCA000000A7;
    			remoteInfo = httpcmd;
    		};
		ACD3231CACD33DCA000000A8 /* PBXContainerItemProxy install-certs from All */ = {
    			isa = PBXContainerItemProxy;
    			containerPortal = ACD3231CACD33DCA00000001 /* Project object */;
    			proxyType = 1;
    			remoteGlobalIDString = ACD3231CACD33DCA00000006;
    			remoteInfo = install-certs;
    		};
/* End PBXContainerItemProxy section */

/* Begin PBXFileReference section */
		ACD3231CACD33DCA00000019 /* http-server.c */ = {isa = PBXFileReference; fileEncoding = 4; lastKnownFileType = sourcecode.c.c; name = http-server.c; path = test/http-server.c; sourceTree = "<group>"; };
		ACD3231CACD33DCA000000A9 /* http.h */ = {isa = PBXFileReference; fileEncoding = 4; lastKnownFileType = sourcecode.c.h; name = http.h; path = build/macosx-x64-static/inc/http.h; sourceTree = "<group>"; };
		ACD3231CACD33DCA000000AA /* http-server */ = {isa = PBXFileReference; explicitFileType = "compiled.mach-o.executable"; includeInIndex = 0; path = http-server; sourceTree = BUILT_PRODUCTS_DIR; };
		ACD3231CACD33DCA0000001B /* http.c */ = {isa = PBXFileReference; fileEncoding = 4; lastKnownFileType = sourcecode.c.c; name = http.c; path = src/http.c; sourceTree = "<group>"; };
		ACD3231CACD33DCA000000AB /* http.h */ = {isa = PBXFileReference; fileEncoding = 4; lastKnownFileType = sourcecode.c.h; name = http.h; path = src/http.h; sourceTree = "<group>"; };
		ACD3231CACD33DCA000000AC /* httpcmd */ = {isa = PBXFileReference; explicitFileType = "compiled.mach-o.executable"; includeInIndex = 0; path = http; sourceTree = BUILT_PRODUCTS_DIR; };
		ACD3231CACD33DCA0000001D /* actionHandler.c */ = {isa = PBXFileReference; fileEncoding = 4; lastKnownFileType = sourcecode.c.c; name = actionHandler.c; path = src/actionHandler.c; sourceTree = "<group>"; };
		ACD3231CACD33DCA0000001F /* auth.c */ = {isa = PBXFileReference; fileEncoding = 4; lastKnownFileType = sourcecode.c.c; name = auth.c; path = src/auth.c; sourceTree = "<group>"; };
		ACD3231CACD33DCA00000021 /* basic.c */ = {isa = PBXFileReference; fileEncoding = 4; lastKnownFileType = sourcecode.c.c; name = basic.c; path = src/basic.c; sourceTree = "<group>"; };
		ACD3231CACD33DCA00000023 /* cache.c */ = {isa = PBXFileReference; fileEncoding = 4; lastKnownFileType = sourcecode.c.c; name = cache.c; path = src/cache.c; sourceTree = "<group>"; };
		ACD3231CACD33DCA00000025 /* chunkFilter.c */ = {isa = PBXFileReference; fileEncoding = 4; lastKnownFileType = sourcecode.c.c; name = chunkFilter.c; path = src/chunkFilter.c; sourceTree = "<group>"; };
		ACD3231CACD33DCA00000027 /* client.c */ = {isa = PBXFileReference; fileEncoding = 4; lastKnownFileType = sourcecode.c.c; name = client.c; path = src/client.c; sourceTree = "<group>"; };
		ACD3231CACD33DCA00000029 /* config.c */ = {isa = PBXFileReference; fileEncoding = 4; lastKnownFileType = sourcecode.c.c; name = config.c; path = src/config.c; sourceTree = "<group>"; };
		ACD3231CACD33DCA0000002B /* conn.c */ = {isa = PBXFileReference; fileEncoding = 4; lastKnownFileType = sourcecode.c.c; name = conn.c; path = src/conn.c; sourceTree = "<group>"; };
		ACD3231CACD33DCA0000002D /* digest.c */ = {isa = PBXFileReference; fileEncoding = 4; lastKnownFileType = sourcecode.c.c; name = digest.c; path = src/digest.c; sourceTree = "<group>"; };
		ACD3231CACD33DCA0000002F /* dirHandler.c */ = {isa = PBXFileReference; fileEncoding = 4; lastKnownFileType = sourcecode.c.c; name = dirHandler.c; path = src/dirHandler.c; sourceTree = "<group>"; };
		ACD3231CACD33DCA00000031 /* endpoint.c */ = {isa = PBXFileReference; fileEncoding = 4; lastKnownFileType = sourcecode.c.c; name = endpoint.c; path = src/endpoint.c; sourceTree = "<group>"; };
		ACD3231CACD33DCA000000AD /* pcre.h */ = {isa = PBXFileReference; fileEncoding = 4; lastKnownFileType = sourcecode.c.h; name = pcre.h; path = build/macosx-x64-static/inc/pcre.h; sourceTree = "<group>"; };
		ACD3231CACD33DCA00000033 /* error.c */ = {isa = PBXFileReference; fileEncoding = 4; lastKnownFileType = sourcecode.c.c; name = error.c; path = src/error.c; sourceTree = "<group>"; };
		ACD3231CACD33DCA00000035 /* fileHandler.c */ = {isa = PBXFileReference; fileEncoding = 4; lastKnownFileType = sourcecode.c.c; name = fileHandler.c; path = src/fileHandler.c; sourceTree = "<group>"; };
		ACD3231CACD33DCA00000037 /* host.c */ = {isa = PBXFileReference; fileEncoding = 4; lastKnownFileType = sourcecode.c.c; name = host.c; path = src/host.c; sourceTree = "<group>"; };
		ACD3231CACD33DCA00000039 /* monitor.c */ = {isa = PBXFileReference; fileEncoding = 4; lastKnownFileType = sourcecode.c.c; name = monitor.c; path = src/monitor.c; sourceTree = "<group>"; };
		ACD3231CACD33DCA0000003B /* netConnector.c */ = {isa = PBXFileReference; fileEncoding = 4; lastKnownFileType = sourcecode.c.c; name = netConnector.c; path = src/netConnector.c; sourceTree = "<group>"; };
		ACD3231CACD33DCA0000003D /* packet.c */ = {isa = PBXFileReference; fileEncoding = 4; lastKnownFileType = sourcecode.c.c; name = packet.c; path = src/packet.c; sourceTree = "<group>"; };
		ACD3231CACD33DCA0000003F /* pam.c */ = {isa = PBXFileReference; fileEncoding = 4; lastKnownFileType = sourcecode.c.c; name = pam.c; path = src/pam.c; sourceTree = "<group>"; };
		ACD3231CACD33DCA00000041 /* passHandler.c */ = {isa = PBXFileReference; fileEncoding = 4; lastKnownFileType = sourcecode.c.c; name = passHandler.c; path = src/passHandler.c; sourceTree = "<group>"; };
		ACD3231CACD33DCA00000043 /* pipeline.c */ = {isa = PBXFileReference; fileEncoding = 4; lastKnownFileType = sourcecode.c.c; name = pipeline.c; path = src/pipeline.c; sourceTree = "<group>"; };
		ACD3231CACD33DCA00000045 /* queue.c */ = {isa = PBXFileReference; fileEncoding = 4; lastKnownFileType = sourcecode.c.c; name = queue.c; path = src/queue.c; sourceTree = "<group>"; };
		ACD3231CACD33DCA00000047 /* rangeFilter.c */ = {isa = PBXFileReference; fileEncoding = 4; lastKnownFileType = sourcecode.c.c; name = rangeFilter.c; path = src/rangeFilter.c; sourceTree = "<group>"; };
		ACD3231CACD33DCA00000049 /* route.c */ = {isa = PBXFileReference; fileEncoding = 4; lastKnownFileType = sourcecode.c.c; name = route.c; path = src/route.c; sourceTree = "<group>"; };
		ACD3231CACD33DCA0000004B /* rx.c */ = {isa = PBXFileReference; fileEncoding = 4; lastKnownFileType = sourcecode.c.c; name = rx.c; path = src/rx.c; sourceTree = "<group>"; };
		ACD3231CACD33DCA0000004D /* sendConnector.c */ = {isa = PBXFileReference; fileEncoding = 4; lastKnownFileType = sourcecode.c.c; name = sendConnector.c; path = src/sendConnector.c; sourceTree = "<group>"; };
		ACD3231CACD33DCA0000004F /* service.c */ = {isa = PBXFileReference; fileEncoding = 4; lastKnownFileType = sourcecode.c.c; name = service.c; path = src/service.c; sourceTree = "<group>"; };
		ACD3231CACD33DCA00000051 /* session.c */ = {isa = PBXFileReference; fileEncoding = 4; lastKnownFileType = sourcecode.c.c; name = session.c; path = src/session.c; sourceTree = "<group>"; };
		ACD3231CACD33DCA00000053 /* stage.c */ = {isa = PBXFileReference; fileEncoding = 4; lastKnownFileType = sourcecode.c.c; name = stage.c; path = src/stage.c; sourceTree = "<group>"; };
		ACD3231CACD33DCA00000055 /* trace.c */ = {isa = PBXFileReference; fileEncoding = 4; lastKnownFileType = sourcecode.c.c; name = trace.c; path = src/trace.c; sourceTree = "<group>"; };
		ACD3231CACD33DCA00000057 /* tx.c */ = {isa = PBXFileReference; fileEncoding = 4; lastKnownFileType = sourcecode.c.c; name = tx.c; path = src/tx.c; sourceTree = "<group>"; };
		ACD3231CACD33DCA00000059 /* uploadFilter.c */ = {isa = PBXFileReference; fileEncoding = 4; lastKnownFileType = sourcecode.c.c; name = uploadFilter.c; path = src/uploadFilter.c; sourceTree = "<group>"; };
		ACD3231CACD33DCA0000005B /* uri.c */ = {isa = PBXFileReference; fileEncoding = 4; lastKnownFileType = sourcecode.c.c; name = uri.c; path = src/uri.c; sourceTree = "<group>"; };
		ACD3231CACD33DCA0000005D /* user.c */ = {isa = PBXFileReference; fileEncoding = 4; lastKnownFileType = sourcecode.c.c; name = user.c; path = src/user.c; sourceTree = "<group>"; };
		ACD3231CACD33DCA0000005F /* var.c */ = {isa = PBXFileReference; fileEncoding = 4; lastKnownFileType = sourcecode.c.c; name = var.c; path = src/var.c; sourceTree = "<group>"; };
		ACD3231CACD33DCA00000061 /* webSockFilter.c */ = {isa = PBXFileReference; fileEncoding = 4; lastKnownFileType = sourcecode.c.c; name = webSockFilter.c; path = src/webSockFilter.c; sourceTree = "<group>"; };
		ACD3231CACD33DCA0000006B /* libhttp */ = {isa = PBXFileReference; explicitFileType = "compiled.mach-o.dylib"; includeInIndex = 0; path = libhttp.a; sourceTree = BUILT_PRODUCTS_DIR; };
		ACD3231CACD33DCA00000063 /* mbedtls.c */ = {isa = PBXFileReference; fileEncoding = 4; lastKnownFileType = sourcecode.c.c; name = mbedtls.c; path = src/mbedtls/mbedtls.c; sourceTree = "<group>"; };
		ACD3231CACD33DCA000000AE /* mbedtls.h */ = {isa = PBXFileReference; fileEncoding = 4; lastKnownFileType = sourcecode.c.h; name = mbedtls.h; path = src/mbedtls/mbedtls.h; sourceTree = "<group>"; };
		ACD3231CACD33DCA00000073 /* libmbedtls */ = {isa = PBXFileReference; explicitFileType = "compiled.mach-o.dylib"; includeInIndex = 0; path = libmbedtls.a; sourceTree = BUILT_PRODUCTS_DIR; };
		ACD3231CACD33DCA00000065 /* mprLib.c */ = {isa = PBXFileReference; fileEncoding = 4; lastKnownFileType = sourcecode.c.c; name = mprLib.c; path = src/mpr/mprLib.c; sourceTree = "<group>"; };
		ACD3231CACD33DCA000000AF /* mpr.h */ = {isa = PBXFileReference; fileEncoding = 4; lastKnownFileType = sourcecode.c.h; name = mpr.h; path = src/mpr/mpr.h; sourceTree = "<group>"; };
		ACD3231CACD33DCA0000006F /* libmpr */ = {isa = PBXFileReference; explicitFileType = "compiled.mach-o.dylib"; includeInIndex = 0; path = libmpr.a; sourceTree = BUILT_PRODUCTS_DIR; };
		ACD3231CACD33DCA00000067 /* mpr-mbedtls.c */ = {isa = PBXFileReference; fileEncoding = 4; lastKnownFileType = sourcecode.c.c; name = mpr-mbedtls.c; path = src/mpr-mbedtls/mpr-mbedtls.c; sourceTree = "<group>"; };
		ACD3231CACD33DCA000000B0 /* mpr.h */ = {isa = PBXFileReference; fileEncoding = 4; lastKnownFileType = sourcecode.c.h; name = mpr.h; path = build/macosx-x64-static/inc/mpr.h; sourceTree = "<group>"; };
		ACD3231CACD33DCA00000071 /* libmpr-mbedtls */ = {isa = PBXFileReference; explicitFileType = "compiled.mach-o.dylib"; includeInIndex = 0; path = libmpr-mbedtls.a; sourceTree = BUILT_PRODUCTS_DIR; };
		ACD3231CACD33DCA00000069 /* pcre.c */ = {isa = PBXFileReference; fileEncoding = 4; lastKnownFileType = sourcecode.c.c; name = pcre.c; path = src/pcre/pcre.c; sourceTree = "<group>"; };
		ACD3231CACD33DCA000000B1 /* me.h */ = {isa = PBXFileReference; fileEncoding = 4; lastKnownFileType = sourcecode.c.h; name = me.h; path = build/macosx-x64-static/inc/me.h; sourceTree = "<group>"; };
		ACD3231CACD33DCA000000B2 /* pcre.h */ = {isa = PBXFileReference; fileEncoding = 4; lastKnownFileType = sourcecode.c.h; name = pcre.h; path = src/pcre/pcre.h; sourceTree = "<group>"; };
		ACD3231CACD33DCA0000006D /* libpcre */ = {isa = PBXFileReference; explicitFileType = "compiled.mach-o.dylib"; includeInIndex = 0; path = libpcre.a; sourceTree = BUILT_PRODUCTS_DIR; };
/* End PBXFileReference section */

/* Begin PBXFrameworksBuildPhase section */
		ACD3231CACD33DCA000000B3 /* Frameworks and Libraries for http-server */ = {
                isa = PBXFrameworksBuildPhase;
                buildActionMask = 2147483647;
                files = (
    				ACD3231CACD33DCA0000006A /* libhttp */,
				ACD3231CACD33DCA0000006C /* libpcre */,
				ACD3231CACD33DCA0000006E /* libmpr */,
				ACD3231CACD33DCA00000070 /* libmpr-mbedtls */,
				ACD3231CACD33DCA00000072 /* libmbedtls */,				
                );
                runOnlyForDeploymentPostprocessing = 0;
            };
		ACD3231CACD33DCA000000B4 /* Frameworks and Libraries for httpcmd */ = {
                isa = PBXFrameworksBuildPhase;
                buildActionMask = 2147483647;
                files = (
    				ACD3231CACD33DCA00000074 /* libhttp */,
				ACD3231CACD33DCA00000075 /* libpcre */,
				ACD3231CACD33DCA00000076 /* libmpr */,
				ACD3231CACD33DCA00000077 /* libmpr-mbedtls */,
				ACD3231CACD33DCA00000078 /* libmbedtls */,				
                );
                runOnlyForDeploymentPostprocessing = 0;
            };
		ACD3231CACD33DCA000000B5 /* Frameworks and Libraries for libhttp */ = {
                isa = PBXFrameworksBuildPhase;
                buildActionMask = 2147483647;
                files = (
    				ACD3231CACD33DCA00000079 /* libpcre */,
				ACD3231CACD33DCA0000007A /* libmpr */,
				ACD3231CACD33DCA0000007B /* libmpr-mbedtls */,
				ACD3231CACD33DCA0000007C /* libmbedtls */,				
                );
                runOnlyForDeploymentPostprocessing = 0;
            };
		ACD3231CACD33DCA000000B6 /* Frameworks and Libraries for libmbedtls */ = {
                isa = PBXFrameworksBuildPhase;
                buildActionMask = 2147483647;
                files = (
    				
                );
                runOnlyForDeploymentPostprocessing = 0;
            };
		ACD3231CACD33DCA000000B7 /* Frameworks and Libraries for libmpr */ = {
                isa = PBXFrameworksBuildPhase;
                buildActionMask = 2147483647;
                files = (
    				ACD3231CACD33DCA0000007D /* libmpr-mbedtls */,
				ACD3231CACD33DCA0000007E /* libmbedtls */,				
                );
                runOnlyForDeploymentPostprocessing = 0;
            };
		ACD3231CACD33DCA000000B8 /* Frameworks and Libraries for libmpr-mbedtls */ = {
                isa = PBXFrameworksBuildPhase;
                buildActionMask = 2147483647;
                files = (
    				ACD3231CACD33DCA0000007F /* libmbedtls */,				
                );
                runOnlyForDeploymentPostprocessing = 0;
            };
		ACD3231CACD33DCA000000B9 /* Frameworks and Libraries for libpcre */ = {
                isa = PBXFrameworksBuildPhase;
                buildActionMask = 2147483647;
                files = (
    				
                );
                runOnlyForDeploymentPostprocessing = 0;
            };
/* End PBXFrameworksBuildPhase section */

/* Begin PBXGroup section */
		ACD3231CACD33DCA000000BA /* Top Group */ = {
                isa = PBXGroup;
                children = (
				ACD3231CACD33DCA000000BB /* libhttp */,
				ACD3231CACD33DCA000000BC /* libmbedtls */,
				ACD3231CACD33DCA000000BD /* libmpr */,
				ACD3231CACD33DCA000000BE /* libmpr-mbedtls */,
				ACD3231CACD33DCA000000BF /* libpcre */,
				ACD3231CACD33DCA000000C0 /* http-server */,
				ACD3231CACD33DCA000000C1 /* httpcmd */,
				ACD3231CACD33DCA000000C2 /* Products */,
			);
                sourceTree = "<group>";
            };
		ACD3231CACD33DCA000000C0 /* http-server */ = {
                isa = PBXGroup;
                children = (
				ACD3231CACD33DCA00000019 /* http-server.c */,
			);
                name = "http-server";
                path = ..;
                sourceTree = SOURCE_ROOT;
            };
		ACD3231CACD33DCA000000C1 /* httpcmd */ = {
                isa = PBXGroup;
                children = (
				ACD3231CACD33DCA0000001B /* http.c */,
			);
                name = "httpcmd";
                path = ..;
                sourceTree = SOURCE_ROOT;
            };
		ACD3231CACD33DCA000000BB /* libhttp */ = {
                isa = PBXGroup;
                children = (
				ACD3231CACD33DCA000000AB /* http.h */,
				ACD3231CACD33DCA0000001D /* actionHandler.c */,
				ACD3231CACD33DCA0000001F /* auth.c */,
				ACD3231CACD33DCA00000021 /* basic.c */,
				ACD3231CACD33DCA00000023 /* cache.c */,
				ACD3231CACD33DCA00000025 /* chunkFilter.c */,
				ACD3231CACD33DCA00000027 /* client.c */,
				ACD3231CACD33DCA00000029 /* config.c */,
				ACD3231CACD33DCA0000002B /* conn.c */,
				ACD3231CACD33DCA0000002D /* digest.c */,
				ACD3231CACD33DCA0000002F /* dirHandler.c */,
				ACD3231CACD33DCA00000031 /* endpoint.c */,
				ACD3231CACD33DCA00000033 /* error.c */,
				ACD3231CACD33DCA00000035 /* fileHandler.c */,
				ACD3231CACD33DCA00000037 /* host.c */,
				ACD3231CACD33DCA00000039 /* monitor.c */,
				ACD3231CACD33DCA0000003B /* netConnector.c */,
				ACD3231CACD33DCA0000003D /* packet.c */,
				ACD3231CACD33DCA0000003F /* pam.c */,
				ACD3231CACD33DCA00000041 /* passHandler.c */,
				ACD3231CACD33DCA00000043 /* pipeline.c */,
				ACD3231CACD33DCA00000045 /* queue.c */,
				ACD3231CACD33DCA00000047 /* rangeFilter.c */,
				ACD3231CACD33DCA00000049 /* route.c */,
				ACD3231CACD33DCA0000004B /* rx.c */,
				ACD3231CACD33DCA0000004D /* sendConnector.c */,
				ACD3231CACD33DCA0000004F /* service.c */,
				ACD3231CACD33DCA00000051 /* session.c */,
				ACD3231CACD33DCA00000053 /* stage.c */,
				ACD3231CACD33DCA00000055 /* trace.c */,
				ACD3231CACD33DCA00000057 /* tx.c */,
				ACD3231CACD33DCA00000059 /* uploadFilter.c */,
				ACD3231CACD33DCA0000005B /* uri.c */,
				ACD3231CACD33DCA0000005D /* user.c */,
				ACD3231CACD33DCA0000005F /* var.c */,
				ACD3231CACD33DCA00000061 /* webSockFilter.c */,
			);
                name = "libhttp";
                path = ..;
                sourceTree = SOURCE_ROOT;
            };
		ACD3231CACD33DCA000000BC /* libmbedtls */ = {
                isa = PBXGroup;
                children = (
				ACD3231CACD33DCA000000AE /* mbedtls.h */,
				ACD3231CACD33DCA00000063 /* mbedtls.c */,
			);
                name = "libmbedtls";
                path = ..;
                sourceTree = SOURCE_ROOT;
            };
		ACD3231CACD33DCA000000BD /* libmpr */ = {
                isa = PBXGroup;
                children = (
				ACD3231CACD33DCA000000AF /* mpr.h */,
				ACD3231CACD33DCA00000065 /* mprLib.c */,
			);
                name = "libmpr";
                path = ..;
                sourceTree = SOURCE_ROOT;
            };
		ACD3231CACD33DCA000000BE /* libmpr-mbedtls */ = {
                isa = PBXGroup;
                children = (
				ACD3231CACD33DCA00000067 /* mpr-mbedtls.c */,
			);
                name = "libmpr-mbedtls";
                path = ..;
                sourceTree = SOURCE_ROOT;
            };
		ACD3231CACD33DCA000000BF /* libpcre */ = {
                isa = PBXGroup;
                children = (
				ACD3231CACD33DCA000000B2 /* pcre.h */,
				ACD3231CACD33DCA00000069 /* pcre.c */,
			);
                name = "libpcre";
                path = ..;
                sourceTree = SOURCE_ROOT;
            };
		ACD3231CACD33DCA000000C2 /* Products */ = {
                isa = PBXGroup;
                children = (
				ACD3231CACD33DCA000000AA /* http-server */,
				ACD3231CACD33DCA000000AC /* httpcmd */,
				ACD3231CACD33DCA0000006B /* libhttp */,
				ACD3231CACD33DCA00000073 /* libmbedtls */,
				ACD3231CACD33DCA0000006F /* libmpr */,
				ACD3231CACD33DCA00000071 /* libmpr-mbedtls */,
				ACD3231CACD33DCA0000006D /* libpcre */,
			);
                name = "Products";
                path = ..;
                sourceTree = SOURCE_ROOT;
            };
/* End PBXGroup section */

/* Begin PBXNativeTarget section */
		ACD3231CACD33DCA000000A5 /* http-server */ = {
    			isa = PBXNativeTarget;
    			buildConfigurationList = ACD3231CACD33DCA000000C4 /* Build configuration list for PBXNativeTarget "http-server" */;
    			buildPhases = (
    				ACD3231CACD33DCA000000C3 /* Sources */,
    				ACD3231CACD33DCA000000B3 /* Frameworks */,
    			);
    			buildRules = (
    			);
    			dependencies = (
    				ACD3231CACD33DCA000000C5 /* Prep */,
				ACD3231CACD33DCA000000C6 /* libmbedtls */,
				ACD3231CACD33DCA000000C7 /* libmpr-mbedtls */,
				ACD3231CACD33DCA000000C8 /* libmpr */,
				ACD3231CACD33DCA000000C9 /* libpcre */,
				ACD3231CACD33DCA000000CA /* libhttp */,				
    			);
    			name = http-server;
    			productName = http;
    			productReference = ACD3231CACD33DCA000000AA /* http-server */;
    			productType = "com.apple.product-type.tool";
    		};
		ACD3231CACD33DCA000000A7 /* httpcmd */ = {
    			isa = PBXNativeTarget;
    			buildConfigurationList = ACD3231CACD33DCA000000CC /* Build configuration list for PBXNativeTarget "httpcmd" */;
    			buildPhases = (
    				ACD3231CACD33DCA000000CB /* Sources */,
    				ACD3231CACD33DCA000000B4 /* Frameworks */,
    			);
    			buildRules = (
    			);
    			dependencies = (
    				ACD3231CACD33DCA000000CD /* Prep */,
				ACD3231CACD33DCA000000CE /* libmbedtls */,
				ACD3231CACD33DCA000000CF /* libmpr-mbedtls */,
				ACD3231CACD33DCA000000D0 /* libmpr */,
				ACD3231CACD33DCA000000D1 /* libpcre */,
				ACD3231CACD33DCA000000D2 /* libhttp */,				
    			);
    			name = httpcmd;
    			productName = http;
    			productReference = ACD3231CACD33DCA000000AC /* httpcmd */;
    			productType = "com.apple.product-type.tool";
    		};
		ACD3231CACD33DCA0000008A /* libhttp */ = {
    			isa = PBXNativeTarget;
    			buildConfigurationList = ACD3231CACD33DCA000000D4 /* Build configuration list for PBXNativeTarget "libhttp" */;
    			buildPhases = (
    				ACD3231CACD33DCA000000D3 /* Sources */,
    				ACD3231CACD33DCA000000B5 /* Frameworks */,
    			);
    			buildRules = (
    			);
    			dependencies = (
    				ACD3231CACD33DCA000000D5 /* Prep */,
				ACD3231CACD33DCA000000D6 /* libmbedtls */,
				ACD3231CACD33DCA000000D7 /* libmpr-mbedtls */,
				ACD3231CACD33DCA000000D8 /* libmpr */,
				ACD3231CACD33DCA000000D9 /* libpcre */,				
    			);
    			name = libhttp;
    			productName = http;
    			productReference = ACD3231CACD33DCA0000006B /* libhttp */;
    			productType = "com.apple.product-type.library.dynamic";
    		};
		ACD3231CACD33DCA00000082 /* libmbedtls */ = {
    			isa = PBXNativeTarget;
    			buildConfigurationList = ACD3231CACD33DCA000000DB /* Build configuration list for PBXNativeTarget "libmbedtls" */;
    			buildPhases = (
    				ACD3231CACD33DCA000000DA /* Sources */,
    				ACD3231CACD33DCA000000B6 /* Frameworks */,
    			);
    			buildRules = (
    			);
    			dependencies = (
    				ACD3231CACD33DCA000000DC /* Prep */,				
    			);
    			name = libmbedtls;
    			productName = http;
    			productReference = ACD3231CACD33DCA00000073 /* libmbedtls */;
    			productType = "com.apple.product-type.library.dynamic";
    		};
		ACD3231CACD33DCA00000086 /* libmpr */ = {
    			isa = PBXNativeTarget;
    			buildConfigurationList = ACD3231CACD33DCA000000DE /* Build configuration list for PBXNativeTarget "libmpr" */;
    			buildPhases = (
    				ACD3231CACD33DCA000000DD /* Sources */,
    				ACD3231CACD33DCA000000B7 /* Frameworks */,
    			);
    			buildRules = (
    			);
    			dependencies = (
    				ACD3231CACD33DCA000000DF /* Prep */,
				ACD3231CACD33DCA000000E0 /* libmbedtls */,
				ACD3231CACD33DCA000000E1 /* libmpr-mbedtls */,				
    			);
    			name = libmpr;
    			productName = http;
    			productReference = ACD3231CACD33DCA0000006F /* libmpr */;
    			productType = "com.apple.product-type.library.dynamic";
    		};
		ACD3231CACD33DCA00000084 /* libmpr-mbedtls */ = {
    			isa = PBXNativeTarget;
    			buildConfigurationList = ACD3231CACD33DCA000000E3 /* Build configuration list for PBXNativeTarget "libmpr-mbedtls" */;
    			buildPhases = (
    				ACD3231CACD33DCA000000E2 /* Sources */,
    				ACD3231CACD33DCA000000B8 /* Frameworks */,
    			);
    			buildRules = (
    			);
    			dependencies = (
    				ACD3231CACD33DCA000000E4 /* Prep */,
				ACD3231CACD33DCA000000E5 /* libmbedtls */,				
    			);
    			name = libmpr-mbedtls;
    			productName = http;
    			productReference = ACD3231CACD33DCA00000071 /* libmpr-mbedtls */;
    			productType = "com.apple.product-type.library.dynamic";
    		};
		ACD3231CACD33DCA00000088 /* libpcre */ = {
    			isa = PBXNativeTarget;
    			buildConfigurationList = ACD3231CACD33DCA000000E7 /* Build configuration list for PBXNativeTarget "libpcre" */;
    			buildPhases = (
    				ACD3231CACD33DCA000000E6 /* Sources */,
    				ACD3231CACD33DCA000000B9 /* Frameworks */,
    			);
    			buildRules = (
    			);
    			dependencies = (
    				ACD3231CACD33DCA000000E8 /* Prep */,				
    			);
    			name = libpcre;
    			productName = http;
    			productReference = ACD3231CACD33DCA0000006D /* libpcre */;
    			productType = "com.apple.product-type.library.dynamic";
    		};
/* End PBXNativeTarget section */

/* Begin PBXShellScriptBuildPhase section */
		ACD3231CACD33DCA00000007 /* ShellScript for install-certs */ = {
    			isa = PBXShellScriptBuildPhase;
    			buildActionMask = 2147483647;
    			files = (
    			);
    			inputPaths = (
    ../src/certs/samples/ca.crt,
../src/certs/samples/ca.key,
../src/certs/samples/ec.crt,
../src/certs/samples/ec.key,
../src/certs/samples/roots.crt,
../src/certs/samples/self.crt,
../src/certs/samples/self.key,
../src/certs/samples/test.crt,
../src/certs/samples/test.key
    			);
    			outputPaths = (
    ../build/macosx-x64-static/bin/ca.crt,
../build/macosx-x64-static/bin/ca.key,
../build/macosx-x64-static/bin/ec.crt,
../build/macosx-x64-static/bin/ec.key,
../build/macosx-x64-static/bin/roots.crt,
../build/macosx-x64-static/bin/self.crt,
../build/macosx-x64-static/bin/self.key,
../build/macosx-x64-static/bin/test.crt,
../build/macosx-x64-static/bin/test.key
    			);
    			runOnlyForDeploymentPostprocessing = 0;
    			shellPath = /bin/bash;
    			shellScript = "PATH=$PATH:/usr/local/bin
cd ..
	mkdir -p \"build/macosx-x64-static/bin\"
	cp src/certs/samples/ca.crt build/macosx-x64-static/bin/ca.crt
	cp src/certs/samples/ca.key build/macosx-x64-static/bin/ca.key
	cp src/certs/samples/ec.crt build/macosx-x64-static/bin/ec.crt
	cp src/certs/samples/ec.key build/macosx-x64-static/bin/ec.key
	cp src/certs/samples/roots.crt build/macosx-x64-static/bin/roots.crt
	cp src/certs/samples/self.crt build/macosx-x64-static/bin/self.crt
	cp src/certs/samples/self.key build/macosx-x64-static/bin/self.key
	cp src/certs/samples/test.crt build/macosx-x64-static/bin/test.crt
	cp src/certs/samples/test.key build/macosx-x64-static/bin/test.key
";
    		};
		ACD3231CACD33DCA00000017 /* ShellScript for Prep */ = {
    			isa = PBXShellScriptBuildPhase;
    			buildActionMask = 2147483647;
    			files = (
    			);
    			inputPaths = (
    
    			);
    			outputPaths = (
    
    			);
    			runOnlyForDeploymentPostprocessing = 0;
    			shellPath = /bin/bash;
    			shellScript = "PATH=$PATH:/usr/local/bin
[ ! -x ${INC_DIR} ] && mkdir -p ${INC_DIR} ${OBJ_DIR} ${LIB_DIR} ${BIN_DIR}
[ ! -f ${INC_DIR}/me.h -a -f http-macosx-static-me.h ] && cp http-macosx-static-me.h ${INC_DIR}/me.h
if [ -f http-macosx-static-me.h ] ; then
if ! diff ${INC_DIR}/me.h http-macosx-static-me.h >/dev/null 2>&1 ; then
cp http-macosx-static-me.h ${INC_DIR}/me.h
fi
fi
if [ ../src/mbedtls/embedtls.h -nt ${OUT_DIR}/inc/embedtls.h ] ; then
cp ../src/mbedtls/embedtls.h ${OUT_DIR}/inc/embedtls.h
fi
if [ ../src/http.h -nt ${OUT_DIR}/inc/http.h ] ; then
cp ../src/http.h ${OUT_DIR}/inc/http.h
fi
if [ ../src/mbedtls/mbedtls.h -nt ${OUT_DIR}/inc/mbedtls.h ] ; then
cp ../src/mbedtls/mbedtls.h ${OUT_DIR}/inc/mbedtls.h
fi
if [ ../src/mpr/mpr.h -nt ${OUT_DIR}/inc/mpr.h ] ; then
cp ../src/mpr/mpr.h ${OUT_DIR}/inc/mpr.h
fi
if [ ../src/osdep/osdep.h -nt ${OUT_DIR}/inc/osdep.h ] ; then
cp ../src/osdep/osdep.h ${OUT_DIR}/inc/osdep.h
fi
if [ ../src/pcre/pcre.h -nt ${OUT_DIR}/inc/pcre.h ] ; then
cp ../src/pcre/pcre.h ${OUT_DIR}/inc/pcre.h
fi
if [ ../src/http.h -nt ${OUT_DIR}/inc/http.h ] ; then
cp ../src/http.h ${OUT_DIR}/inc/http.h
fi
if [ ../src/mbedtls/embedtls.h -nt ${OUT_DIR}/inc/embedtls.h ] ; then
cp ../src/mbedtls/embedtls.h ${OUT_DIR}/inc/embedtls.h
fi
if [ ../src/mbedtls/mbedtls.h -nt ${OUT_DIR}/inc/mbedtls.h ] ; then
cp ../src/mbedtls/mbedtls.h ${OUT_DIR}/inc/mbedtls.h
fi
if [ ../src/mpr/mpr.h -nt ${OUT_DIR}/inc/mpr.h ] ; then
cp ../src/mpr/mpr.h ${OUT_DIR}/inc/mpr.h
fi
if [ ../src/pcre/pcre.h -nt ${OUT_DIR}/inc/pcre.h ] ; then
cp ../src/pcre/pcre.h ${OUT_DIR}/inc/pcre.h
fi";
    		};
/* End PBXShellScriptBuildPhase section */

    /* Begin PBXProject section */
    		ACD3231CACD33DCA00000001 /* Project object */ = {
    			isa = PBXProject;
    			attributes = {
    				LastUpgradeCheck = 0430;
    				ORGANIZATIONNAME = "embedthis";
    			};
    			buildConfigurationList = ACD3231CACD33DCA00000002 /* Build configuration list for PBXProject "http" */;
    			compatibilityVersion = "Xcode 3.2";
    			developmentRegion = English;
    			hasScannedForEncodings = 0;
    			knownRegions = (
    				en,
    			);
    			mainGroup = ACD3231CACD33DCA000000BA;
    			productRefGroup = ACD3231CACD33DCA000000C2 /* Products */;
    			projectDirPath = "";
    			projectRoot = "";
    			targets = (
				ACD3231CACD33DCA0000000A /* All */,
				ACD3231CACD33DCA00000016 /* Prep */,
				ACD3231CACD33DCA0000008A /* libhttp */,
				ACD3231CACD33DCA00000082 /* libmbedtls */,
				ACD3231CACD33DCA00000086 /* libmpr */,
				ACD3231CACD33DCA00000084 /* libmpr-mbedtls */,
				ACD3231CACD33DCA00000088 /* libpcre */,
				ACD3231CACD33DCA000000A5 /* http-server */,
				ACD3231CACD33DCA000000A7 /* httpcmd */,
				ACD3231CACD33DCA00000006 /* install-certs */,
			);
    		};
    /* End PBXProject section */

/* Begin PBXSourcesBuildPhase section */
		ACD3231CACD33DCA000000C3 /* http-server Sources */ = {
    			isa = PBXSourcesBuildPhase;
    			buildActionMask = 2147483647;
    			files = (
    				ACD3231CACD33DCA00000018 /* http-server.c in Sources */,
    			);
    			runOnlyForDeploymentPostprocessing = 0;
    		};
		ACD3231CACD33DCA000000CB /* httpcmd Sources */ = {
    			isa = PBXSourcesBuildPhase;
    			buildActionMask = 2147483647;
    			files = (
    				ACD3231CACD33DCA0000001A /* http.c in Sources */,
    			);
    			runOnlyForDeploymentPostprocessing = 0;
    		};
		ACD3231CACD33DCA000000D3 /* libhttp Sources */ = {
    			isa = PBXSourcesBuildPhase;
    			buildActionMask = 2147483647;
    			files = (
    				ACD3231CACD33DCA0000001C /* actionHandler.c in Sources */,
				ACD3231CACD33DCA0000001E /* auth.c in Sources */,
				ACD3231CACD33DCA00000020 /* basic.c in Sources */,
				ACD3231CACD33DCA00000022 /* cache.c in Sources */,
				ACD3231CACD33DCA00000024 /* chunkFilter.c in Sources */,
				ACD3231CACD33DCA00000026 /* client.c in Sources */,
				ACD3231CACD33DCA00000028 /* config.c in Sources */,
				ACD3231CACD33DCA0000002A /* conn.c in Sources */,
				ACD3231CACD33DCA0000002C /* digest.c in Sources */,
				ACD3231CACD33DCA0000002E /* dirHandler.c in Sources */,
				ACD3231CACD33DCA00000030 /* endpoint.c in Sources */,
				ACD3231CACD33DCA00000032 /* error.c in Sources */,
				ACD3231CACD33DCA00000034 /* fileHandler.c in Sources */,
				ACD3231CACD33DCA00000036 /* host.c in Sources */,
				ACD3231CACD33DCA00000038 /* monitor.c in Sources */,
				ACD3231CACD33DCA0000003A /* netConnector.c in Sources */,
				ACD3231CACD33DCA0000003C /* packet.c in Sources */,
				ACD3231CACD33DCA0000003E /* pam.c in Sources */,
				ACD3231CACD33DCA00000040 /* passHandler.c in Sources */,
				ACD3231CACD33DCA00000042 /* pipeline.c in Sources */,
				ACD3231CACD33DCA00000044 /* queue.c in Sources */,
				ACD3231CACD33DCA00000046 /* rangeFilter.c in Sources */,
				ACD3231CACD33DCA00000048 /* route.c in Sources */,
				ACD3231CACD33DCA0000004A /* rx.c in Sources */,
				ACD3231CACD33DCA0000004C /* sendConnector.c in Sources */,
				ACD3231CACD33DCA0000004E /* service.c in Sources */,
				ACD3231CACD33DCA00000050 /* session.c in Sources */,
				ACD3231CACD33DCA00000052 /* stage.c in Sources */,
				ACD3231CACD33DCA00000054 /* trace.c in Sources */,
				ACD3231CACD33DCA00000056 /* tx.c in Sources */,
				ACD3231CACD33DCA00000058 /* uploadFilter.c in Sources */,
				ACD3231CACD33DCA0000005A /* uri.c in Sources */,
				ACD3231CACD33DCA0000005C /* user.c in Sources */,
				ACD3231CACD33DCA0000005E /* var.c in Sources */,
				ACD3231CACD33DCA00000060 /* webSockFilter.c in Sources */,
    			);
    			runOnlyForDeploymentPostprocessing = 0;
    		};
		ACD3231CACD33DCA000000DA /* libmbedtls Sources */ = {
    			isa = PBXSourcesBuildPhase;
    			buildActionMask = 2147483647;
    			files = (
    				ACD3231CACD33DCA00000062 /* mbedtls.c in Sources */,
    			);
    			runOnlyForDeploymentPostprocessing = 0;
    		};
		ACD3231CACD33DCA000000DD /* libmpr Sources */ = {
    			isa = PBXSourcesBuildPhase;
    			buildActionMask = 2147483647;
    			files = (
    				ACD3231CACD33DCA00000064 /* mprLib.c in Sources */,
    			);
    			runOnlyForDeploymentPostprocessing = 0;
    		};
		ACD3231CACD33DCA000000E2 /* libmpr-mbedtls Sources */ = {
    			isa = PBXSourcesBuildPhase;
    			buildActionMask = 2147483647;
    			files = (
    				ACD3231CACD33DCA00000066 /* mpr-mbedtls.c in Sources */,
    			);
    			runOnlyForDeploymentPostprocessing = 0;
    		};
		ACD3231CACD33DCA000000E6 /* libpcre Sources */ = {
    			isa = PBXSourcesBuildPhase;
    			buildActionMask = 2147483647;
    			files = (
    				ACD3231CACD33DCA00000068 /* pcre.c in Sources */,
    			);
    			runOnlyForDeploymentPostprocessing = 0;
    		};
/* End PBXSourcesBuildPhase section */

/* Begin PBXTargetDependency section */
		ACD3231CACD33DCA000000C5 /* PBXTargetDependency http-server depends on Prep */ = {
    			isa = PBXTargetDependency;
    			target = ACD3231CACD33DCA00000016 /* Prep */;
    			targetProxy = ACD3231CACD33DCA00000080 /* PBXContainerItemProxy */;
    		};
		ACD3231CACD33DCA000000C6 /* PBXTargetDependency http-server depends on libmbedtls */ = {
    			isa = PBXTargetDependency;
    			target = ACD3231CACD33DCA00000082 /* libmbedtls */;
    			targetProxy = ACD3231CACD33DCA00000081 /* PBXContainerItemProxy */;
    		};
		ACD3231CACD33DCA000000C7 /* PBXTargetDependency http-server depends on libmpr-mbedtls */ = {
    			isa = PBXTargetDependency;
    			target = ACD3231CACD33DCA00000084 /* libmpr-mbedtls */;
    			targetProxy = ACD3231CACD33DCA00000083 /* PBXContainerItemProxy */;
    		};
		ACD3231CACD33DCA000000C8 /* PBXTargetDependency http-server depends on libmpr */ = {
    			isa = PBXTargetDependency;
    			target = ACD3231CACD33DCA00000086 /* libmpr */;
    			targetProxy = ACD3231CACD33DCA00000085 /* PBXContainerItemProxy */;
    		};
		ACD3231CACD33DCA000000C9 /* PBXTargetDependency http-server depends on libpcre */ = {
    			isa = PBXTargetDependency;
    			target = ACD3231CACD33DCA00000088 /* libpcre */;
    			targetProxy = ACD3231CACD33DCA00000087 /* PBXContainerItemProxy */;
    		};
		ACD3231CACD33DCA000000CA /* PBXTargetDependency http-server depends on libhttp */ = {
    			isa = PBXTargetDependency;
    			target = ACD3231CACD33DCA0000008A /* libhttp */;
    			targetProxy = ACD3231CACD33DCA00000089 /* PBXContainerItemProxy */;
    		};
		ACD3231CACD33DCA000000CD /* PBXTargetDependency httpcmd depends on Prep */ = {
    			isa = PBXTargetDependency;
    			target = ACD3231CACD33DCA00000016 /* Prep */;
    			targetProxy = ACD3231CACD33DCA0000008B /* PBXContainerItemProxy */;
    		};
		ACD3231CACD33DCA000000CE /* PBXTargetDependency httpcmd depends on libmbedtls */ = {
    			isa = PBXTargetDependency;
    			target = ACD3231CACD33DCA00000082 /* libmbedtls */;
    			targetProxy = ACD3231CACD33DCA0000008C /* PBXContainerItemProxy */;
    		};
		ACD3231CACD33DCA000000CF /* PBXTargetDependency httpcmd depends on libmpr-mbedtls */ = {
    			isa = PBXTargetDependency;
    			target = ACD3231CACD33DCA00000084 /* libmpr-mbedtls */;
    			targetProxy = ACD3231CACD33DCA0000008D /* PBXContainerItemProxy */;
    		};
		ACD3231CACD33DCA000000D0 /* PBXTargetDependency httpcmd depends on libmpr */ = {
    			isa = PBXTargetDependency;
    			target = ACD3231CACD33DCA00000086 /* libmpr */;
    			targetProxy = ACD3231CACD33DCA0000008E /* PBXContainerItemProxy */;
    		};
		ACD3231CACD33DCA000000D1 /* PBXTargetDependency httpcmd depends on libpcre */ = {
    			isa = PBXTargetDependency;
    			target = ACD3231CACD33DCA00000088 /* libpcre */;
    			targetProxy = ACD3231CACD33DCA0000008F /* PBXContainerItemProxy */;
    		};
		ACD3231CACD33DCA000000D2 /* PBXTargetDependency httpcmd depends on libhttp */ = {
    			isa = PBXTargetDependency;
    			target = ACD3231CACD33DCA0000008A /* libhttp */;
    			targetProxy = ACD3231CACD33DCA00000090 /* PBXContainerItemProxy */;
    		};
		ACD3231CACD33DCA00000008 /* PBXTargetDependency install-certs depends on Prep */ = {
    			isa = PBXTargetDependency;
    			target = ACD3231CACD33DCA00000016 /* Prep */;
    			targetProxy = ACD3231CACD33DCA00000091 /* PBXContainerItemProxy */;
    		};
		ACD3231CACD33DCA000000D5 /* PBXTargetDependency libhttp depends on Prep */ = {
    			isa = PBXTargetDependency;
    			target = ACD3231CACD33DCA00000016 /* Prep */;
    			targetProxy = ACD3231CACD33DCA00000092 /* PBXContainerItemProxy */;
    		};
		ACD3231CACD33DCA000000D6 /* PBXTargetDependency libhttp depends on libmbedtls */ = {
    			isa = PBXTargetDependency;
    			target = ACD3231CACD33DCA00000082 /* libmbedtls */;
    			targetProxy = ACD3231CACD33DCA00000093 /* PBXContainerItemProxy */;
    		};
		ACD3231CACD33DCA000000D7 /* PBXTargetDependency libhttp depends on libmpr-mbedtls */ = {
    			isa = PBXTargetDependency;
    			target = ACD3231CACD33DCA00000084 /* libmpr-mbedtls */;
    			targetProxy = ACD3231CACD33DCA00000094 /* PBXContainerItemProxy */;
    		};
		ACD3231CACD33DCA000000D8 /* PBXTargetDependency libhttp depends on libmpr */ = {
    			isa = PBXTargetDependency;
    			target = ACD3231CACD33DCA00000086 /* libmpr */;
    			targetProxy = ACD3231CACD33DCA00000095 /* PBXContainerItemProxy */;
    		};
		ACD3231CACD33DCA000000D9 /* PBXTargetDependency libhttp depends on libpcre */ = {
    			isa = PBXTargetDependency;
    			target = ACD3231CACD33DCA00000088 /* libpcre */;
    			targetProxy = ACD3231CACD33DCA00000096 /* PBXContainerItemProxy */;
    		};
		ACD3231CACD33DCA000000DC /* PBXTargetDependency libmbedtls depends on Prep */ = {
    			isa = PBXTargetDependency;
    			target = ACD3231CACD33DCA00000016 /* Prep */;
    			targetProxy = ACD3231CACD33DCA00000097 /* PBXContainerItemProxy */;
    		};
		ACD3231CACD33DCA000000DF /* PBXTargetDependency libmpr depends on Prep */ = {
    			isa = PBXTargetDependency;
    			target = ACD3231CACD33DCA00000016 /* Prep */;
    			targetProxy = ACD3231CACD33DCA00000098 /* PBXContainerItemProxy */;
    		};
		ACD3231CACD33DCA000000E0 /* PBXTargetDependency libmpr depends on libmbedtls */ = {
    			isa = PBXTargetDependency;
    			target = ACD3231CACD33DCA00000082 /* libmbedtls */;
    			targetProxy = ACD3231CACD33DCA00000099 /* PBXContainerItemProxy */;
    		};
		ACD3231CACD33DCA000000E1 /* PBXTargetDependency libmpr depends on libmpr-mbedtls */ = {
    			isa = PBXTargetDependency;
    			target = ACD3231CACD33DCA00000084 /* libmpr-mbedtls */;
    			targetProxy = ACD3231CACD33DCA0000009A /* PBXContainerItemProxy */;
    		};
		ACD3231CACD33DCA000000E4 /* PBXTargetDependency libmpr-mbedtls depends on Prep */ = {
    			isa = PBXTargetDependency;
    			target = ACD3231CACD33DCA00000016 /* Prep */;
    			targetProxy = ACD3231CACD33DCA0000009B /* PBXContainerItemProxy */;
    		};
		ACD3231CACD33DCA000000E5 /* PBXTargetDependency libmpr-mbedtls depends on libmbedtls */ = {
    			isa = PBXTargetDependency;
    			target = ACD3231CACD33DCA00000082 /* libmbedtls */;
    			targetProxy = ACD3231CACD33DCA0000009C /* PBXContainerItemProxy */;
    		};
		ACD3231CACD33DCA000000E8 /* PBXTargetDependency libpcre depends on Prep */ = {
    			isa = PBXTargetDependency;
    			target = ACD3231CACD33DCA00000016 /* Prep */;
    			targetProxy = ACD3231CACD33DCA0000009D /* PBXContainerItemProxy */;
    		};
		ACD3231CACD33DCA00000014 /* PBXTargetDependency All depends on Prep */ = {
    			isa = PBXTargetDependency;
    			target = ACD3231CACD33DCA00000016 /* Prep */;
    			targetProxy = ACD3231CACD33DCA0000009E /* PBXContainerItemProxy */;
    		};
		ACD3231CACD33DCA0000000F /* PBXTargetDependency All depends on libmbedtls */ = {
    			isa = PBXTargetDependency;
    			target = ACD3231CACD33DCA00000082 /* libmbedtls */;
    			targetProxy = ACD3231CACD33DCA0000009F /* PBXContainerItemProxy */;
    		};
		ACD3231CACD33DCA00000011 /* PBXTargetDependency All depends on libmpr-mbedtls */ = {
    			isa = PBXTargetDependency;
    			target = ACD3231CACD33DCA00000084 /* libmpr-mbedtls */;
    			targetProxy = ACD3231CACD33DCA000000A0 /* PBXContainerItemProxy */;
    		};
		ACD3231CACD33DCA00000010 /* PBXTargetDependency All depends on libmpr */ = {
    			isa = PBXTargetDependency;
    			target = ACD3231CACD33DCA00000086 /* libmpr */;
    			targetProxy = ACD3231CACD33DCA000000A1 /* PBXContainerItemProxy */;
    		};
		ACD3231CACD33DCA00000012 /* PBXTargetDependency All depends on libpcre */ = {
    			isa = PBXTargetDependency;
    			target = ACD3231CACD33DCA00000088 /* libpcre */;
    			targetProxy = ACD3231CACD33DCA000000A2 /* PBXContainerItemProxy */;
    		};
		ACD3231CACD33DCA0000000E /* PBXTargetDependency All depends on libhttp */ = {
    			isa = PBXTargetDependency;
    			target = ACD3231CACD33DCA0000008A /* libhttp */;
    			targetProxy = ACD3231CACD33DCA000000A3 /* PBXContainerItemProxy */;
    		};
		ACD3231CACD33DCA0000000B /* PBXTargetDependency All depends on http-server */ = {
    			isa = PBXTargetDependency;
    			target = ACD3231CACD33DCA000000A5 /* http-server */;
    			targetProxy = ACD3231CACD33DCA000000A4 /* PBXContainerItemProxy */;
    		};
		ACD3231CACD33DCA0000000C /* PBXTargetDependency All depends on httpcmd */ = {
    			isa = PBXTargetDependency;
    			target = ACD3231CACD33DCA000000A7 /* httpcmd */;
    			targetProxy = ACD3231CACD33DCA000000A6 /* PBXContainerItemProxy */;
    		};
		ACD3231CACD33DCA0000000D /* PBXTargetDependency All depends on install-certs */ = {
    			isa = PBXTargetDependency;
    			target = ACD3231CACD33DCA00000006 /* install-certs */;
    			targetProxy = ACD3231CACD33DCA000000A8 /* PBXContainerItemProxy */;
    		};
/* End PBXTargetDependency section */

    /* Begin XCBuildConfiguration section */
    		ACD3231CACD33DCA00000003 /* Debug */ = {
    			isa = XCBuildConfiguration;
    			buildSettings = {
    
                    /* Common Settings */
                    COMBINE_HIDPI_IMAGES = YES;
    				ALWAYS_SEARCH_USER_PATHS = NO;
                    ONLY_ACTIVE_ARCH = YES;
                    CURRENT_PROJECT_VERSION = 7.0;
                    DYLIB_COMPATIBILITY_VERSION = "$(CURRENT_PROJECT_VERSION)";
                    DYLIB_CURRENT_VERSION = "$(CURRENT_PROJECT_VERSION)";

    				GCC_C_LANGUAGE_STANDARD = gnu99;
    				GCC_VERSION = com.apple.compilers.llvm.clang.1_0;
    				GCC_WARN_ABOUT_RETURN_TYPE = YES;

GCC_NO_COMMON_BLOCKS = YES;
GCC_WARN_64_TO_32_BIT_CONVERSION = YES;
GCC_WARN_UNDECLARED_SELECTOR = YES;
CLANG_WARN_BOOL_CONVERSION = YES;
CLANG_WARN_CONSTANT_CONVERSION = YES;
CLANG_WARN_EMPTY_BODY = YES;
CLANG_WARN_ENUM_CONVERSION = YES;
CLANG_WARN_INT_CONVERSION = YES;
CLANG_WARN_UNREACHABLE_CODE = YES;
CLANG_WARN__DUPLICATE_METHOD_MATCH = YES;
ENABLE_STRICT_OBJC_MSGSEND = YES;
ENABLE_TESTABILITY = YES;

                    LD_DYLIB_INSTALL_NAME = "@rpath/$(EXECUTABLE_PATH)";
    				MACOSX_DEPLOYMENT_TARGET = 10.10;
    				SDKROOT = macosx;

                    OUT_DIR = "../build/macosx-x64-static";
                    BIN_DIR = "../build/macosx-x64-static/bin";
                    LIB_DIR = "../src";
                    INC_DIR = "../build/macosx-x64-static/inc";
                    OBJ_DIR = "../build/macosx-x64-static/obj";
                    SRC_DIR = "../src";

                    CONFIGURATION_TEMP_DIR = "$(OBJ_DIR)/http-xcode/$(CONFIGURATION)";
                    CONFIGURATION_BUILD_DIR = "$(BIN_DIR)";
                    INSTALL_PATH = "/usr/lib/http";
                    DSTROOT = "/tmp/http.dst";
                    OBJROOT = "$(OBJ_DIR)";
                    SYMROOT = "$(BIN_DIR)";
    				GCC_WARN_64_TO_32_ME_CONVERSION = YES;
				GCC_WARN_64_TO_32_ME_CONVERSION = YES;
				GCC_WARN_UNUSED_VARIABLE = NO;
				GCC_WARN_UNUSED_FUNCTION = NO;
				GCC_WARN_UNUSED_LABEL = NO;
				GCC_WARN_64_TO_32_ME_CONVERSION = YES;
				GCC_WARN_64_TO_32_ME_CONVERSION = YES;
				GCC_WARN_UNUSED_VARIABLE = NO;
				GCC_WARN_UNUSED_FUNCTION = NO;
				GCC_WARN_UNUSED_LABEL = NO;

                    /* Debug Settings */
    				COPY_PHASE_STRIP = NO;
    				GCC_OPTIMIZATION_LEVEL = 0;
    				GCC_SYMBOLS_PRIVATE_EXTERN = NO;
    				HEADER_SEARCH_PATHS = (
					"../build/macosx-x64-static/inc",
					"$(inherited)"
				);
				GCC_PREPROCESSOR_DEFINITIONS = (
					"ME_DEBUG=1",
					"$(inherited)"
				);
				LIBRARY_SEARCH_PATHS = (
					"../build/macosx-x64-static/bin",
					"$(inherited)"
				);
				OTHER_LDFLAGS = (
					"-Wl,-rpath,@executable_path/",
					"-Wl,-rpath,@loader_path/",
					"-ldl",
					"-lpthread",
					"-lm",
					"$(inherited)"
				);

    			};
    			name = Debug;
    		};
    		ACD3231CACD33DCA00000004 /* Release */ = {
    			isa = XCBuildConfiguration;
    			buildSettings = {
    
                    /* Common Settings */
                    COMBINE_HIDPI_IMAGES = YES;
    				ALWAYS_SEARCH_USER_PATHS = NO;
                    ONLY_ACTIVE_ARCH = YES;
                    CURRENT_PROJECT_VERSION = 7.0;
                    DYLIB_COMPATIBILITY_VERSION = "$(CURRENT_PROJECT_VERSION)";
                    DYLIB_CURRENT_VERSION = "$(CURRENT_PROJECT_VERSION)";

    				GCC_C_LANGUAGE_STANDARD = gnu99;
    				GCC_VERSION = com.apple.compilers.llvm.clang.1_0;
    				GCC_WARN_ABOUT_RETURN_TYPE = YES;

GCC_NO_COMMON_BLOCKS = YES;
GCC_WARN_64_TO_32_BIT_CONVERSION = YES;
GCC_WARN_UNDECLARED_SELECTOR = YES;
CLANG_WARN_BOOL_CONVERSION = YES;
CLANG_WARN_CONSTANT_CONVERSION = YES;
CLANG_WARN_EMPTY_BODY = YES;
CLANG_WARN_ENUM_CONVERSION = YES;
CLANG_WARN_INT_CONVERSION = YES;
CLANG_WARN_UNREACHABLE_CODE = YES;
CLANG_WARN__DUPLICATE_METHOD_MATCH = YES;
ENABLE_STRICT_OBJC_MSGSEND = YES;
ENABLE_TESTABILITY = YES;

                    LD_DYLIB_INSTALL_NAME = "@rpath/$(EXECUTABLE_PATH)";
    				MACOSX_DEPLOYMENT_TARGET = 10.10;
    				SDKROOT = macosx;

                    OUT_DIR = "../build/macosx-x64-static";
                    BIN_DIR = "../build/macosx-x64-static/bin";
                    LIB_DIR = "../src";
                    INC_DIR = "../build/macosx-x64-static/inc";
                    OBJ_DIR = "../build/macosx-x64-static/obj";
                    SRC_DIR = "../src";

                    CONFIGURATION_TEMP_DIR = "$(OBJ_DIR)/http-xcode/$(CONFIGURATION)";
                    CONFIGURATION_BUILD_DIR = "$(BIN_DIR)";
                    INSTALL_PATH = "/usr/lib/http";
                    DSTROOT = "/tmp/http.dst";
                    OBJROOT = "$(OBJ_DIR)";
                    SYMROOT = "$(BIN_DIR)";
    				GCC_WARN_64_TO_32_ME_CONVERSION = YES;
				GCC_WARN_64_TO_32_ME_CONVERSION = YES;
				GCC_WARN_UNUSED_VARIABLE = NO;
				GCC_WARN_UNUSED_FUNCTION = NO;
				GCC_WARN_UNUSED_LABEL = NO;
				GCC_WARN_64_TO_32_ME_CONVERSION = YES;
				GCC_WARN_64_TO_32_ME_CONVERSION = YES;
				GCC_WARN_UNUSED_VARIABLE = NO;
				GCC_WARN_UNUSED_FUNCTION = NO;
				GCC_WARN_UNUSED_LABEL = NO;

                    /* Release Settings */
    				COPY_PHASE_STRIP = YES;
    				DEBUG_INFORMATION_FORMAT = "dwarf-with-dsym";
    				GCC_OPTIMIZATION_LEVEL = s;
                    GCC_WARN_UNINITIALIZED_AUTOS = NO;
    				HEADER_SEARCH_PATHS = (
					"../build/macosx-x64-static/inc",
					"$(inherited)"
				);
				GCC_PREPROCESSOR_DEFINITIONS = (
					"ME_DEBUG=0",
					"$(inherited)"
				);
				LIBRARY_SEARCH_PATHS = (
					"../build/macosx-x64-static/bin",
					"$(inherited)"
				);
				OTHER_LDFLAGS = (
					"-Wl,-rpath,@executable_path/",
					"-Wl,-rpath,@loader_path/",
					"-ldl",
					"-lpthread",
					"-lm",
					"$(inherited)"
				);

    			};
    			name = Release;
    		};
		ACD3231CACD33DCA000000E9 /* Debug */ = {
    			isa = XCBuildConfiguration;
    			buildSettings = {
    				PRODUCT_NAME = http-server;
    
    				GCC_PREPROCESSOR_DEFINITIONS = (
					"_FILE_OFFSET_BITS=64",
					"MBEDTLS_USER_CONFIG_FILE=\\\"embedtls.h\\\"",
					"ME_DEBUG=1",
					"$(inherited)"
				);
				OTHER_LDFLAGS = ();

				MACH_O_TYPE = mh_execute;

    			};
    			name = Debug;
    		};
    		ACD3231CACD33DCA000000EA /* Release */ = {
    			isa = XCBuildConfiguration;
    			buildSettings = {
    				PRODUCT_NAME = http-server;
    
    				GCC_PREPROCESSOR_DEFINITIONS = (
					"_FILE_OFFSET_BITS=64",
					"MBEDTLS_USER_CONFIG_FILE=\\\"embedtls.h\\\"",
					"ME_DEBUG=0",
					"$(inherited)"
				);
				OTHER_LDFLAGS = ();

				MACH_O_TYPE = mh_execute;

    			};
    			name = Release;
    		};
		ACD3231CACD33DCA000000EB /* Debug */ = {
    			isa = XCBuildConfiguration;
    			buildSettings = {
    				PRODUCT_NAME = http;
    
    				GCC_PREPROCESSOR_DEFINITIONS = (
					"_FILE_OFFSET_BITS=64",
					"MBEDTLS_USER_CONFIG_FILE=\\\"embedtls.h\\\"",
					"ME_DEBUG=1",
					"$(inherited)"
				);
				OTHER_LDFLAGS = ();

				MACH_O_TYPE = mh_execute;

    			};
    			name = Debug;
    		};
    		ACD3231CACD33DCA000000EC /* Release */ = {
    			isa = XCBuildConfiguration;
    			buildSettings = {
    				PRODUCT_NAME = http;
    
    				GCC_PREPROCESSOR_DEFINITIONS = (
					"_FILE_OFFSET_BITS=64",
					"MBEDTLS_USER_CONFIG_FILE=\\\"embedtls.h\\\"",
					"ME_DEBUG=0",
					"$(inherited)"
				);
				OTHER_LDFLAGS = ();

				MACH_O_TYPE = mh_execute;

    			};
    			name = Release;
    		};
		ACD3231CACD33DCA000000ED /* Debug */ = {
    			isa = XCBuildConfiguration;
    			buildSettings = {
    				PRODUCT_NAME = install-certs;
    
    				GCC_PREPROCESSOR_DEFINITIONS = (
					"ME_DEBUG=1",
					"$(inherited)"
				);
				OTHER_LDFLAGS = ();

				MACH_O_TYPE = mh_execute;

    			};
    			name = Debug;
    		};
    		ACD3231CACD33DCA000000EE /* Release */ = {
    			isa = XCBuildConfiguration;
    			buildSettings = {
    				PRODUCT_NAME = install-certs;
    
    				GCC_PREPROCESSOR_DEFINITIONS = (
					"ME_DEBUG=0",
					"$(inherited)"
				);
				OTHER_LDFLAGS = ();

				MACH_O_TYPE = mh_execute;

    			};
    			name = Release;
    		};
		ACD3231CACD33DCA000000EF /* Debug */ = {
    			isa = XCBuildConfiguration;
    			buildSettings = {
    				PRODUCT_NAME = libhttp;
    				EXECUTABLE_EXTENSION = a;

    				GCC_PREPROCESSOR_DEFINITIONS = (
					"_FILE_OFFSET_BITS=64",
					"MBEDTLS_USER_CONFIG_FILE=\\\"embedtls.h\\\"",
					"ME_DEBUG=1",
					"$(inherited)"
				);
				OTHER_LDFLAGS = (
					"",
					);

				MACH_O_TYPE = staticlib;

    			};
    			name = Debug;
    		};
    		ACD3231CACD33DCA000000F0 /* Release */ = {
    			isa = XCBuildConfiguration;
    			buildSettings = {
    				PRODUCT_NAME = libhttp;
    				EXECUTABLE_EXTENSION = a;

    				GCC_PREPROCESSOR_DEFINITIONS = (
					"_FILE_OFFSET_BITS=64",
					"MBEDTLS_USER_CONFIG_FILE=\\\"embedtls.h\\\"",
					"ME_DEBUG=0",
					"$(inherited)"
				);
				OTHER_LDFLAGS = (
					"",
					);

				MACH_O_TYPE = staticlib;

    			};
    			name = Release;
    		};
		ACD3231CACD33DCA000000F1 /* Debug */ = {
    			isa = XCBuildConfiguration;
    			buildSettings = {
    				PRODUCT_NAME = libmbedtls;
    				EXECUTABLE_EXTENSION = a;

    				GCC_PREPROCESSOR_DEFINITIONS = (
					"MBEDTLS_USER_CONFIG_FILE=\\\"embedtls.h\\\"",
					"ME_DEBUG=1",
					"$(inherited)"
				);
				OTHER_LDFLAGS = ();

				MACH_O_TYPE = staticlib;

    			};
    			name = Debug;
    		};
    		ACD3231CACD33DCA000000F2 /* Release */ = {
    			isa = XCBuildConfiguration;
    			buildSettings = {
    				PRODUCT_NAME = libmbedtls;
    				EXECUTABLE_EXTENSION = a;

    				GCC_PREPROCESSOR_DEFINITIONS = (
					"MBEDTLS_USER_CONFIG_FILE=\\\"embedtls.h\\\"",
					"ME_DEBUG=0",
					"$(inherited)"
				);
				OTHER_LDFLAGS = ();

				MACH_O_TYPE = staticlib;

    			};
    			name = Release;
    		};
		ACD3231CACD33DCA000000F3 /* Debug */ = {
    			isa = XCBuildConfiguration;
    			buildSettings = {
    				PRODUCT_NAME = libmpr;
    				EXECUTABLE_EXTENSION = a;

    				GCC_PREPROCESSOR_DEFINITIONS = (
					"_FILE_OFFSET_BITS=64",
					"MBEDTLS_USER_CONFIG_FILE=\\\"embedtls.h\\\"",
					"ME_DEBUG=1",
					"$(inherited)"
				);
				OTHER_LDFLAGS = ();

				MACH_O_TYPE = staticlib;

    			};
    			name = Debug;
    		};
    		ACD3231CACD33DCA000000F4 /* Release */ = {
    			isa = XCBuildConfiguration;
    			buildSettings = {
    				PRODUCT_NAME = libmpr;
    				EXECUTABLE_EXTENSION = a;

    				GCC_PREPROCESSOR_DEFINITIONS = (
					"_FILE_OFFSET_BITS=64",
					"MBEDTLS_USER_CONFIG_FILE=\\\"embedtls.h\\\"",
					"ME_DEBUG=0",
					"$(inherited)"
				);
				OTHER_LDFLAGS = ();

				MACH_O_TYPE = staticlib;

    			};
    			name = Release;
    		};
		ACD3231CACD33DCA000000F5 /* Debug */ = {
    			isa = XCBuildConfiguration;
    			buildSettings = {
    				PRODUCT_NAME = libmpr-mbedtls;
    				EXECUTABLE_EXTENSION = a;

    				GCC_PREPROCESSOR_DEFINITIONS = (
					"_FILE_OFFSET_BITS=64",
					"MBEDTLS_USER_CONFIG_FILE=\\\"embedtls.h\\\"",
					"ME_DEBUG=1",
					"$(inherited)"
				);
				OTHER_LDFLAGS = ();

				MACH_O_TYPE = staticlib;

    			};
    			name = Debug;
    		};
    		ACD3231CACD33DCA000000F6 /* Release */ = {
    			isa = XCBuildConfiguration;
    			buildSettings = {
    				PRODUCT_NAME = libmpr-mbedtls;
    				EXECUTABLE_EXTENSION = a;

    				GCC_PREPROCESSOR_DEFINITIONS = (
					"_FILE_OFFSET_BITS=64",
					"MBEDTLS_USER_CONFIG_FILE=\\\"embedtls.h\\\"",
					"ME_DEBUG=0",
					"$(inherited)"
				);
				OTHER_LDFLAGS = ();

				MACH_O_TYPE = staticlib;

    			};
    			name = Release;
    		};
		ACD3231CACD33DCA000000F7 /* Debug */ = {
    			isa = XCBuildConfiguration;
    			buildSettings = {
    				PRODUCT_NAME = libpcre;
    				EXECUTABLE_EXTENSION = a;

    				GCC_PREPROCESSOR_DEFINITIONS = (
					"PCRE_CHAR=char",
					"ME_DEBUG=1",
					"$(inherited)"
				);
				OTHER_LDFLAGS = ();

				MACH_O_TYPE = staticlib;

    			};
    			name = Debug;
    		};
    		ACD3231CACD33DCA000000F8 /* Release */ = {
    			isa = XCBuildConfiguration;
    			buildSettings = {
    				PRODUCT_NAME = libpcre;
    				EXECUTABLE_EXTENSION = a;

    				GCC_PREPROCESSOR_DEFINITIONS = (
					"PCRE_CHAR=char",
					"ME_DEBUG=0",
					"$(inherited)"
				);
				OTHER_LDFLAGS = ();

				MACH_O_TYPE = staticlib;

    			};
    			name = Release;
    		};
		ACD3231CACD33DCA000000F9 /* Debug */ = {
    			isa = XCBuildConfiguration;
    			buildSettings = {
    				PRODUCT_NAME = All;
    
    				GCC_PREPROCESSOR_DEFINITIONS = (
					"ME_DEBUG=1",
					"$(inherited)"
				);
				OTHER_LDFLAGS = ();

				MACH_O_TYPE = mh_execute;

    			};
    			name = Debug;
    		};
    		ACD3231CACD33DCA000000FA /* Release */ = {
    			isa = XCBuildConfiguration;
    			buildSettings = {
    				PRODUCT_NAME = All;
    
    				GCC_PREPROCESSOR_DEFINITIONS = (
					"ME_DEBUG=0",
					"$(inherited)"
				);
				OTHER_LDFLAGS = ();

				MACH_O_TYPE = mh_execute;

    			};
    			name = Release;
    		};
		ACD3231CACD33DCA000000FB /* Debug */ = {
    			isa = XCBuildConfiguration;
    			buildSettings = {
    				PRODUCT_NAME = Prep;
    
    				GCC_PREPROCESSOR_DEFINITIONS = (
					"ME_DEBUG=1",
					"$(inherited)"
				);
				OTHER_LDFLAGS = ();

				MACH_O_TYPE = mh_execute;

    			};
    			name = Debug;
    		};
    		ACD3231CACD33DCA000000FC /* Release */ = {
    			isa = XCBuildConfiguration;
    			buildSettings = {
    				PRODUCT_NAME = Prep;
    
    				GCC_PREPROCESSOR_DEFINITIONS = (
					"ME_DEBUG=0",
					"$(inherited)"
				);
				OTHER_LDFLAGS = ();

				MACH_O_TYPE = mh_execute;

    			};
    			name = Release;
    		};
/* End XCBuildConfiguration section */

    /* Begin XCConfigurationList section */
    		ACD3231CACD33DCA00000002 /* Build configuration list for PBXProject "http" */ = {
    			isa = XCConfigurationList;
    			buildConfigurations = (
    				ACD3231CACD33DCA00000003 /* Debug */,
    				ACD3231CACD33DCA00000004 /* Release */,
    			);
    			defaultConfigurationIsVisible = 0;
    			defaultConfigurationName = Release;
    		};
		ACD3231CACD33DCA000000C4 /* Build configuration list for PBXNativeTarget "http-server" */ = {
    			isa = XCConfigurationList;
    			buildConfigurations = (
    				ACD3231CACD33DCA000000E9 /* Debug */,
    				ACD3231CACD33DCA000000EA /* Release */,
    			);
    			defaultConfigurationIsVisible = 0;
    			defaultConfigurationName = Release;
    		};
		ACD3231CACD33DCA000000CC /* Build configuration list for PBXNativeTarget "httpcmd" */ = {
    			isa = XCConfigurationList;
    			buildConfigurations = (
    				ACD3231CACD33DCA000000EB /* Debug */,
    				ACD3231CACD33DCA000000EC /* Release */,
    			);
    			defaultConfigurationIsVisible = 0;
    			defaultConfigurationName = Release;
    		};
		ACD3231CACD33DCA00000005 /* Build configuration list for PBXNativeTarget "install-certs" */ = {
    			isa = XCConfigurationList;
    			buildConfigurations = (
    				ACD3231CACD33DCA000000ED /* Debug */,
    				ACD3231CACD33DCA000000EE /* Release */,
    			);
    			defaultConfigurationIsVisible = 0;
    			defaultConfigurationName = Release;
    		};
		ACD3231CACD33DCA000000D4 /* Build configuration list for PBXNativeTarget "libhttp" */ = {
    			isa = XCConfigurationList;
    			buildConfigurations = (
    				ACD3231CACD33DCA000000EF /* Debug */,
    				ACD3231CACD33DCA000000F0 /* Release */,
    			);
    			defaultConfigurationIsVisible = 0;
    			defaultConfigurationName = Release;
    		};
		ACD3231CACD33DCA000000DB /* Build configuration list for PBXNativeTarget "libmbedtls" */ = {
    			isa = XCConfigurationList;
    			buildConfigurations = (
    				ACD3231CACD33DCA000000F1 /* Debug */,
    				ACD3231CACD33DCA000000F2 /* Release */,
    			);
    			defaultConfigurationIsVisible = 0;
    			defaultConfigurationName = Release;
    		};
		ACD3231CACD33DCA000000DE /* Build configuration list for PBXNativeTarget "libmpr" */ = {
    			isa = XCConfigurationList;
    			buildConfigurations = (
    				ACD3231CACD33DCA000000F3 /* Debug */,
    				ACD3231CACD33DCA000000F4 /* Release */,
    			);
    			defaultConfigurationIsVisible = 0;
    			defaultConfigurationName = Release;
    		};
		ACD3231CACD33DCA000000E3 /* Build configuration list for PBXNativeTarget "libmpr-mbedtls" */ = {
    			isa = XCConfigurationList;
    			buildConfigurations = (
    				ACD3231CACD33DCA000000F5 /* Debug */,
    				ACD3231CACD33DCA000000F6 /* Release */,
    			);
    			defaultConfigurationIsVisible = 0;
    			defaultConfigurationName = Release;
    		};
		ACD3231CACD33DCA000000E7 /* Build configuration list for PBXNativeTarget "libpcre" */ = {
    			isa = XCConfigurationList;
    			buildConfigurations = (
    				ACD3231CACD33DCA000000F7 /* Debug */,
    				ACD3231CACD33DCA000000F8 /* Release */,
    			);
    			defaultConfigurationIsVisible = 0;
    			defaultConfigurationName = Release;
    		};
		ACD3231CACD33DCA00000009 /* Build configuration list for PBXNativeTarget "All" */ = {
    			isa = XCConfigurationList;
    			buildConfigurations = (
    				ACD3231CACD33DCA000000F9 /* Debug */,
    				ACD3231CACD33DCA000000FA /* Release */,
    			);
    			defaultConfigurationIsVisible = 0;
    			defaultConfigurationName = Release;
    		};
		ACD3231CACD33DCA00000015 /* Build configuration list for PBXNativeTarget "Prep" */ = {
    			isa = XCConfigurationList;
    			buildConfigurations = (
    				ACD3231CACD33DCA000000FB /* Debug */,
    				ACD3231CACD33DCA000000FC /* Release */,
    			);
    			defaultConfigurationIsVisible = 0;
    			defaultConfigurationName = Release;
    		};
/* End XCConfigurationList section */
	};
	rootObject = ACD3231CACD33DCA00000001 /* Project object */;
}
