// !$*UTF8*$!
{
    archiveVersion = 1;
    classes = {
    };
    objectVersion = 46;
    objects = {

/* Begin PBXAggregateTarget section */
		8D6C0C438D6C373300000006 /* ca-crt */ = {
			isa = PBXAggregateTarget;
			buildConfigurationList = 8D6C0C438D6C373300000005 /* Build configuration list for PBXAggregateTarget "ca-crt" */;
			buildPhases = (
				8D6C0C438D6C373300000007,
			);
			dependencies = (
				8D6C0C438D6C373300000008 /* PBXTargetDependency Prep */,
			);
			name = ca-crt;
			productName = ca-crt;
		};
		8D6C0C438D6C37330000000A /* All */ = {
			isa = PBXAggregateTarget;
			buildConfigurationList = 8D6C0C438D6C373300000009 /* Build configuration list for PBXAggregateTarget "All" */;
			buildPhases = (
				
			);
			dependencies = (
				8D6C0C438D6C37330000000B /* PBXTargetDependency libest */,
				8D6C0C438D6C37330000000C /* PBXTargetDependency ca-crt */,
				8D6C0C438D6C37330000000D /* PBXTargetDependency libpcre */,
				8D6C0C438D6C37330000000E /* PBXTargetDependency libmpr */,
				8D6C0C438D6C37330000000F /* PBXTargetDependency libmprssl */,
				8D6C0C438D6C373300000010 /* PBXTargetDependency makerom */,
				8D6C0C438D6C373300000011 /* PBXTargetDependency testHttp */,
				8D6C0C438D6C373300000012 /* PBXTargetDependency libhttp */,
				8D6C0C438D6C373300000013 /* PBXTargetDependency httpcmd */,
			);
			name = All;
			productName = All;
		};
		8D6C0C438D6C373300000015 /* Prep */ = {
			isa = PBXAggregateTarget;
			buildConfigurationList = 8D6C0C438D6C373300000014 /* Build configuration list for PBXAggregateTarget "Prep" */;
			buildPhases = (
				8D6C0C438D6C373300000016,
			);
			dependencies = (
			);
			name = Prep;
			productName = Prep;
		};
/* End PBXAggregateTarget section */

/* Begin PBXBuildFile section */
		8D6C0C438D6C373300000017 /* estLib.c in Sources */ = {isa = PBXBuildFile; fileRef = 8D6C0C438D6C373300000018 /* estLib.c */; };
		8D6C0C438D6C373300000019 /* pcre.c in Sources */ = {isa = PBXBuildFile; fileRef = 8D6C0C438D6C37330000001A /* pcre.c */; };
		8D6C0C438D6C37330000001B /* mprLib.c in Sources */ = {isa = PBXBuildFile; fileRef = 8D6C0C438D6C37330000001C /* mprLib.c */; };
		8D6C0C438D6C37330000001D /* mprSsl.c in Sources */ = {isa = PBXBuildFile; fileRef = 8D6C0C438D6C37330000001E /* mprSsl.c */; };
		8D6C0C438D6C37330000001F /* makerom.c in Sources */ = {isa = PBXBuildFile; fileRef = 8D6C0C438D6C373300000020 /* makerom.c */; };
		8D6C0C438D6C373300000021 /* testHttp.c in Sources */ = {isa = PBXBuildFile; fileRef = 8D6C0C438D6C373300000022 /* testHttp.c */; };
		8D6C0C438D6C373300000023 /* testHttpGen.c in Sources */ = {isa = PBXBuildFile; fileRef = 8D6C0C438D6C373300000024 /* testHttpGen.c */; };
		8D6C0C438D6C373300000025 /* testHttpUri.c in Sources */ = {isa = PBXBuildFile; fileRef = 8D6C0C438D6C373300000026 /* testHttpUri.c */; };
		8D6C0C438D6C373300000027 /* actionHandler.c in Sources */ = {isa = PBXBuildFile; fileRef = 8D6C0C438D6C373300000028 /* actionHandler.c */; };
		8D6C0C438D6C373300000029 /* auth.c in Sources */ = {isa = PBXBuildFile; fileRef = 8D6C0C438D6C37330000002A /* auth.c */; };
		8D6C0C438D6C37330000002B /* basic.c in Sources */ = {isa = PBXBuildFile; fileRef = 8D6C0C438D6C37330000002C /* basic.c */; };
		8D6C0C438D6C37330000002D /* cache.c in Sources */ = {isa = PBXBuildFile; fileRef = 8D6C0C438D6C37330000002E /* cache.c */; };
		8D6C0C438D6C37330000002F /* chunkFilter.c in Sources */ = {isa = PBXBuildFile; fileRef = 8D6C0C438D6C373300000030 /* chunkFilter.c */; };
		8D6C0C438D6C373300000031 /* client.c in Sources */ = {isa = PBXBuildFile; fileRef = 8D6C0C438D6C373300000032 /* client.c */; };
		8D6C0C438D6C373300000033 /* conn.c in Sources */ = {isa = PBXBuildFile; fileRef = 8D6C0C438D6C373300000034 /* conn.c */; };
		8D6C0C438D6C373300000035 /* digest.c in Sources */ = {isa = PBXBuildFile; fileRef = 8D6C0C438D6C373300000036 /* digest.c */; };
		8D6C0C438D6C373300000037 /* endpoint.c in Sources */ = {isa = PBXBuildFile; fileRef = 8D6C0C438D6C373300000038 /* endpoint.c */; };
		8D6C0C438D6C373300000039 /* error.c in Sources */ = {isa = PBXBuildFile; fileRef = 8D6C0C438D6C37330000003A /* error.c */; };
		8D6C0C438D6C37330000003B /* host.c in Sources */ = {isa = PBXBuildFile; fileRef = 8D6C0C438D6C37330000003C /* host.c */; };
		8D6C0C438D6C37330000003D /* log.c in Sources */ = {isa = PBXBuildFile; fileRef = 8D6C0C438D6C37330000003E /* log.c */; };
		8D6C0C438D6C37330000003F /* monitor.c in Sources */ = {isa = PBXBuildFile; fileRef = 8D6C0C438D6C373300000040 /* monitor.c */; };
		8D6C0C438D6C373300000041 /* netConnector.c in Sources */ = {isa = PBXBuildFile; fileRef = 8D6C0C438D6C373300000042 /* netConnector.c */; };
		8D6C0C438D6C373300000043 /* packet.c in Sources */ = {isa = PBXBuildFile; fileRef = 8D6C0C438D6C373300000044 /* packet.c */; };
		8D6C0C438D6C373300000045 /* pam.c in Sources */ = {isa = PBXBuildFile; fileRef = 8D6C0C438D6C373300000046 /* pam.c */; };
		8D6C0C438D6C373300000047 /* passHandler.c in Sources */ = {isa = PBXBuildFile; fileRef = 8D6C0C438D6C373300000048 /* passHandler.c */; };
		8D6C0C438D6C373300000049 /* pipeline.c in Sources */ = {isa = PBXBuildFile; fileRef = 8D6C0C438D6C37330000004A /* pipeline.c */; };
		8D6C0C438D6C37330000004B /* queue.c in Sources */ = {isa = PBXBuildFile; fileRef = 8D6C0C438D6C37330000004C /* queue.c */; };
		8D6C0C438D6C37330000004D /* rangeFilter.c in Sources */ = {isa = PBXBuildFile; fileRef = 8D6C0C438D6C37330000004E /* rangeFilter.c */; };
		8D6C0C438D6C37330000004F /* route.c in Sources */ = {isa = PBXBuildFile; fileRef = 8D6C0C438D6C373300000050 /* route.c */; };
		8D6C0C438D6C373300000051 /* rx.c in Sources */ = {isa = PBXBuildFile; fileRef = 8D6C0C438D6C373300000052 /* rx.c */; };
		8D6C0C438D6C373300000053 /* sendConnector.c in Sources */ = {isa = PBXBuildFile; fileRef = 8D6C0C438D6C373300000054 /* sendConnector.c */; };
		8D6C0C438D6C373300000055 /* service.c in Sources */ = {isa = PBXBuildFile; fileRef = 8D6C0C438D6C373300000056 /* service.c */; };
		8D6C0C438D6C373300000057 /* session.c in Sources */ = {isa = PBXBuildFile; fileRef = 8D6C0C438D6C373300000058 /* session.c */; };
		8D6C0C438D6C373300000059 /* stage.c in Sources */ = {isa = PBXBuildFile; fileRef = 8D6C0C438D6C37330000005A /* stage.c */; };
		8D6C0C438D6C37330000005B /* trace.c in Sources */ = {isa = PBXBuildFile; fileRef = 8D6C0C438D6C37330000005C /* trace.c */; };
		8D6C0C438D6C37330000005D /* tx.c in Sources */ = {isa = PBXBuildFile; fileRef = 8D6C0C438D6C37330000005E /* tx.c */; };
		8D6C0C438D6C37330000005F /* uploadFilter.c in Sources */ = {isa = PBXBuildFile; fileRef = 8D6C0C438D6C373300000060 /* uploadFilter.c */; };
		8D6C0C438D6C373300000061 /* uri.c in Sources */ = {isa = PBXBuildFile; fileRef = 8D6C0C438D6C373300000062 /* uri.c */; };
		8D6C0C438D6C373300000063 /* var.c in Sources */ = {isa = PBXBuildFile; fileRef = 8D6C0C438D6C373300000064 /* var.c */; };
		8D6C0C438D6C373300000065 /* webSockFilter.c in Sources */ = {isa = PBXBuildFile; fileRef = 8D6C0C438D6C373300000066 /* webSockFilter.c */; };
		8D6C0C438D6C373300000067 /* http.c in Sources */ = {isa = PBXBuildFile; fileRef = 8D6C0C438D6C373300000068 /* http.c */; };
		8D6C0C438D6C373300000069 /* libmpr.dylib for libmprssl */ = {isa = PBXBuildFile; fileRef = 8D6C0C438D6C37330000006A; };
		8D6C0C438D6C37330000006B /* libest.dylib for libmprssl */ = {isa = PBXBuildFile; fileRef = 8D6C0C438D6C37330000006C; };
		8D6C0C438D6C37330000006D /* libmpr.dylib for makerom */ = {isa = PBXBuildFile; fileRef = 8D6C0C438D6C37330000006A; };
		8D6C0C438D6C37330000006E /* libhttp.dylib for testHttp */ = {isa = PBXBuildFile; fileRef = 8D6C0C438D6C37330000006F; };
		8D6C0C438D6C373300000070 /* libmpr.dylib for testHttp */ = {isa = PBXBuildFile; fileRef = 8D6C0C438D6C37330000006A; };
		8D6C0C438D6C373300000071 /* libpcre.dylib for testHttp */ = {isa = PBXBuildFile; fileRef = 8D6C0C438D6C373300000072; };
		8D6C0C438D6C373300000073 /* libmpr.dylib for libhttp */ = {isa = PBXBuildFile; fileRef = 8D6C0C438D6C37330000006A; };
		8D6C0C438D6C373300000074 /* libpcre.dylib for libhttp */ = {isa = PBXBuildFile; fileRef = 8D6C0C438D6C373300000072; };
		8D6C0C438D6C373300000075 /* libhttp.dylib for httpcmd */ = {isa = PBXBuildFile; fileRef = 8D6C0C438D6C37330000006F; };
		8D6C0C438D6C373300000076 /* libmpr.dylib for httpcmd */ = {isa = PBXBuildFile; fileRef = 8D6C0C438D6C37330000006A; };
		8D6C0C438D6C373300000077 /* libpcre.dylib for httpcmd */ = {isa = PBXBuildFile; fileRef = 8D6C0C438D6C373300000072; };
/* End PBXBuildFile section */

/* Begin PBXContainerItemProxy section */
		8D6C0C438D6C373300000078 /* PBXContainerItemProxy Prep from libest */ = {
			isa = PBXContainerItemProxy;
			containerPortal = 8D6C0C438D6C373300000001 /* Project object */;
			proxyType = 1;
			remoteGlobalIDString = 8D6C0C438D6C373300000015;
			remoteInfo = Prep;
		};
		8D6C0C438D6C373300000079 /* PBXContainerItemProxy Prep from ca-crt */ = {
			isa = PBXContainerItemProxy;
			containerPortal = 8D6C0C438D6C373300000001 /* Project object */;
			proxyType = 1;
			remoteGlobalIDString = 8D6C0C438D6C373300000015;
			remoteInfo = Prep;
		};
		8D6C0C438D6C37330000007A /* PBXContainerItemProxy Prep from libpcre */ = {
			isa = PBXContainerItemProxy;
			containerPortal = 8D6C0C438D6C373300000001 /* Project object */;
			proxyType = 1;
			remoteGlobalIDString = 8D6C0C438D6C373300000015;
			remoteInfo = Prep;
		};
		8D6C0C438D6C37330000007B /* PBXContainerItemProxy Prep from libmpr */ = {
			isa = PBXContainerItemProxy;
			containerPortal = 8D6C0C438D6C373300000001 /* Project object */;
			proxyType = 1;
			remoteGlobalIDString = 8D6C0C438D6C373300000015;
			remoteInfo = Prep;
		};
		8D6C0C438D6C37330000007C /* PBXContainerItemProxy Prep from libmprssl */ = {
			isa = PBXContainerItemProxy;
			containerPortal = 8D6C0C438D6C373300000001 /* Project object */;
			proxyType = 1;
			remoteGlobalIDString = 8D6C0C438D6C373300000015;
			remoteInfo = Prep;
		};
		8D6C0C438D6C37330000007D /* PBXContainerItemProxy libmpr from libmprssl */ = {
			isa = PBXContainerItemProxy;
			containerPortal = 8D6C0C438D6C373300000001 /* Project object */;
			proxyType = 1;
			remoteGlobalIDString = 8D6C0C438D6C37330000007E;
			remoteInfo = libmpr;
		};
		8D6C0C438D6C37330000007F /* PBXContainerItemProxy libest from libmprssl */ = {
			isa = PBXContainerItemProxy;
			containerPortal = 8D6C0C438D6C373300000001 /* Project object */;
			proxyType = 1;
			remoteGlobalIDString = 8D6C0C438D6C373300000080;
			remoteInfo = libest;
		};
		8D6C0C438D6C373300000081 /* PBXContainerItemProxy Prep from makerom */ = {
			isa = PBXContainerItemProxy;
			containerPortal = 8D6C0C438D6C373300000001 /* Project object */;
			proxyType = 1;
			remoteGlobalIDString = 8D6C0C438D6C373300000015;
			remoteInfo = Prep;
		};
		8D6C0C438D6C373300000082 /* PBXContainerItemProxy libmpr from makerom */ = {
			isa = PBXContainerItemProxy;
			containerPortal = 8D6C0C438D6C373300000001 /* Project object */;
			proxyType = 1;
			remoteGlobalIDString = 8D6C0C438D6C37330000007E;
			remoteInfo = libmpr;
		};
		8D6C0C438D6C373300000083 /* PBXContainerItemProxy Prep from testHttp */ = {
			isa = PBXContainerItemProxy;
			containerPortal = 8D6C0C438D6C373300000001 /* Project object */;
			proxyType = 1;
			remoteGlobalIDString = 8D6C0C438D6C373300000015;
			remoteInfo = Prep;
		};
		8D6C0C438D6C373300000084 /* PBXContainerItemProxy libmpr from testHttp */ = {
			isa = PBXContainerItemProxy;
			containerPortal = 8D6C0C438D6C373300000001 /* Project object */;
			proxyType = 1;
			remoteGlobalIDString = 8D6C0C438D6C37330000007E;
			remoteInfo = libmpr;
		};
		8D6C0C438D6C373300000085 /* PBXContainerItemProxy libpcre from testHttp */ = {
			isa = PBXContainerItemProxy;
			containerPortal = 8D6C0C438D6C373300000001 /* Project object */;
			proxyType = 1;
			remoteGlobalIDString = 8D6C0C438D6C373300000086;
			remoteInfo = libpcre;
		};
		8D6C0C438D6C373300000087 /* PBXContainerItemProxy libhttp from testHttp */ = {
			isa = PBXContainerItemProxy;
			containerPortal = 8D6C0C438D6C373300000001 /* Project object */;
			proxyType = 1;
			remoteGlobalIDString = 8D6C0C438D6C373300000088;
			remoteInfo = libhttp;
		};
		8D6C0C438D6C373300000089 /* PBXContainerItemProxy Prep from libhttp */ = {
			isa = PBXContainerItemProxy;
			containerPortal = 8D6C0C438D6C373300000001 /* Project object */;
			proxyType = 1;
			remoteGlobalIDString = 8D6C0C438D6C373300000015;
			remoteInfo = Prep;
		};
		8D6C0C438D6C37330000008A /* PBXContainerItemProxy libmpr from libhttp */ = {
			isa = PBXContainerItemProxy;
			containerPortal = 8D6C0C438D6C373300000001 /* Project object */;
			proxyType = 1;
			remoteGlobalIDString = 8D6C0C438D6C37330000007E;
			remoteInfo = libmpr;
		};
		8D6C0C438D6C37330000008B /* PBXContainerItemProxy libpcre from libhttp */ = {
			isa = PBXContainerItemProxy;
			containerPortal = 8D6C0C438D6C373300000001 /* Project object */;
			proxyType = 1;
			remoteGlobalIDString = 8D6C0C438D6C373300000086;
			remoteInfo = libpcre;
		};
		8D6C0C438D6C37330000008C /* PBXContainerItemProxy Prep from httpcmd */ = {
			isa = PBXContainerItemProxy;
			containerPortal = 8D6C0C438D6C373300000001 /* Project object */;
			proxyType = 1;
			remoteGlobalIDString = 8D6C0C438D6C373300000015;
			remoteInfo = Prep;
		};
		8D6C0C438D6C37330000008D /* PBXContainerItemProxy libmpr from httpcmd */ = {
			isa = PBXContainerItemProxy;
			containerPortal = 8D6C0C438D6C373300000001 /* Project object */;
			proxyType = 1;
			remoteGlobalIDString = 8D6C0C438D6C37330000007E;
			remoteInfo = libmpr;
		};
		8D6C0C438D6C37330000008E /* PBXContainerItemProxy libpcre from httpcmd */ = {
			isa = PBXContainerItemProxy;
			containerPortal = 8D6C0C438D6C373300000001 /* Project object */;
			proxyType = 1;
			remoteGlobalIDString = 8D6C0C438D6C373300000086;
			remoteInfo = libpcre;
		};
		8D6C0C438D6C37330000008F /* PBXContainerItemProxy libhttp from httpcmd */ = {
			isa = PBXContainerItemProxy;
			containerPortal = 8D6C0C438D6C373300000001 /* Project object */;
			proxyType = 1;
			remoteGlobalIDString = 8D6C0C438D6C373300000088;
			remoteInfo = libhttp;
		};
		8D6C0C438D6C373300000090 /* PBXContainerItemProxy Prep from All */ = {
			isa = PBXContainerItemProxy;
			containerPortal = 8D6C0C438D6C373300000001 /* Project object */;
			proxyType = 1;
			remoteGlobalIDString = 8D6C0C438D6C373300000015;
			remoteInfo = Prep;
		};
		8D6C0C438D6C373300000091 /* PBXContainerItemProxy libest from All */ = {
			isa = PBXContainerItemProxy;
			containerPortal = 8D6C0C438D6C373300000001 /* Project object */;
			proxyType = 1;
			remoteGlobalIDString = 8D6C0C438D6C373300000080;
			remoteInfo = libest;
		};
		8D6C0C438D6C373300000092 /* PBXContainerItemProxy ca-crt from All */ = {
			isa = PBXContainerItemProxy;
			containerPortal = 8D6C0C438D6C373300000001 /* Project object */;
			proxyType = 1;
			remoteGlobalIDString = 8D6C0C438D6C373300000006;
			remoteInfo = ca-crt;
		};
		8D6C0C438D6C373300000093 /* PBXContainerItemProxy libpcre from All */ = {
			isa = PBXContainerItemProxy;
			containerPortal = 8D6C0C438D6C373300000001 /* Project object */;
			proxyType = 1;
			remoteGlobalIDString = 8D6C0C438D6C373300000086;
			remoteInfo = libpcre;
		};
		8D6C0C438D6C373300000094 /* PBXContainerItemProxy libmpr from All */ = {
			isa = PBXContainerItemProxy;
			containerPortal = 8D6C0C438D6C373300000001 /* Project object */;
			proxyType = 1;
			remoteGlobalIDString = 8D6C0C438D6C37330000007E;
			remoteInfo = libmpr;
		};
		8D6C0C438D6C373300000095 /* PBXContainerItemProxy libmprssl from All */ = {
			isa = PBXContainerItemProxy;
			containerPortal = 8D6C0C438D6C373300000001 /* Project object */;
			proxyType = 1;
			remoteGlobalIDString = 8D6C0C438D6C373300000096;
			remoteInfo = libmprssl;
		};
		8D6C0C438D6C373300000097 /* PBXContainerItemProxy makerom from All */ = {
			isa = PBXContainerItemProxy;
			containerPortal = 8D6C0C438D6C373300000001 /* Project object */;
			proxyType = 1;
			remoteGlobalIDString = 8D6C0C438D6C373300000098;
			remoteInfo = makerom;
		};
		8D6C0C438D6C373300000099 /* PBXContainerItemProxy libhttp from All */ = {
			isa = PBXContainerItemProxy;
			containerPortal = 8D6C0C438D6C373300000001 /* Project object */;
			proxyType = 1;
			remoteGlobalIDString = 8D6C0C438D6C373300000088;
			remoteInfo = libhttp;
		};
		8D6C0C438D6C37330000009A /* PBXContainerItemProxy testHttp from All */ = {
			isa = PBXContainerItemProxy;
			containerPortal = 8D6C0C438D6C373300000001 /* Project object */;
			proxyType = 1;
			remoteGlobalIDString = 8D6C0C438D6C37330000009B;
			remoteInfo = testHttp;
		};
		8D6C0C438D6C37330000009C /* PBXContainerItemProxy httpcmd from All */ = {
			isa = PBXContainerItemProxy;
			containerPortal = 8D6C0C438D6C373300000001 /* Project object */;
			proxyType = 1;
			remoteGlobalIDString = 8D6C0C438D6C37330000009D;
			remoteInfo = httpcmd;
		};
/* End PBXContainerItemProxy section */

/* Begin PBXFileReference section */
		8D6C0C438D6C373300000018 /* estLib.c */ = {isa = PBXFileReference; fileEncoding = 4; lastKnownFileType = sourcecode.c.c; name = estLib.c; path = src/paks/est/estLib.c; sourceTree = "<group>"; };
		8D6C0C438D6C37330000009E /* bit.h */ = {isa = PBXFileReference; fileEncoding = 4; lastKnownFileType = sourcecode.c.h; name = bit.h; path = macosx-x64-default/inc/bit.h; sourceTree = "<group>"; };
		8D6C0C438D6C37330000009F /* est.h */ = {isa = PBXFileReference; fileEncoding = 4; lastKnownFileType = sourcecode.c.h; name = est.h; path = macosx-x64-default/inc/est.h; sourceTree = "<group>"; };
		8D6C0C438D6C3733000000A0 /* bitos.h */ = {isa = PBXFileReference; fileEncoding = 4; lastKnownFileType = sourcecode.c.h; name = bitos.h; path = macosx-x64-default/inc/bitos.h; sourceTree = "<group>"; };
		8D6C0C438D6C37330000006C /* libest */ = {isa = PBXFileReference; explicitFileType = "compiled.mach-o.dylib"; includeInIndex = 0; path = libest.dylib; sourceTree = BUILT_PRODUCTS_DIR; };
		8D6C0C438D6C37330000001A /* pcre.c */ = {isa = PBXFileReference; fileEncoding = 4; lastKnownFileType = sourcecode.c.c; name = pcre.c; path = src/paks/pcre/pcre.c; sourceTree = "<group>"; };
		8D6C0C438D6C3733000000A1 /* pcre.h */ = {isa = PBXFileReference; fileEncoding = 4; lastKnownFileType = sourcecode.c.h; name = pcre.h; path = macosx-x64-default/inc/pcre.h; sourceTree = "<group>"; };
		8D6C0C438D6C373300000072 /* libpcre */ = {isa = PBXFileReference; explicitFileType = "compiled.mach-o.dylib"; includeInIndex = 0; path = libpcre.dylib; sourceTree = BUILT_PRODUCTS_DIR; };
		8D6C0C438D6C37330000001C /* mprLib.c */ = {isa = PBXFileReference; fileEncoding = 4; lastKnownFileType = sourcecode.c.c; name = mprLib.c; path = src/paks/mpr/mprLib.c; sourceTree = "<group>"; };
		8D6C0C438D6C3733000000A2 /* mpr.h */ = {isa = PBXFileReference; fileEncoding = 4; lastKnownFileType = sourcecode.c.h; name = mpr.h; path = macosx-x64-default/inc/mpr.h; sourceTree = "<group>"; };
		8D6C0C438D6C37330000006A /* libmpr */ = {isa = PBXFileReference; explicitFileType = "compiled.mach-o.dylib"; includeInIndex = 0; path = libmpr.dylib; sourceTree = BUILT_PRODUCTS_DIR; };
		8D6C0C438D6C37330000001E /* mprSsl.c */ = {isa = PBXFileReference; fileEncoding = 4; lastKnownFileType = sourcecode.c.c; name = mprSsl.c; path = src/paks/mpr/mprSsl.c; sourceTree = "<group>"; };
		8D6C0C438D6C3733000000A3 /* libmprssl */ = {isa = PBXFileReference; explicitFileType = "compiled.mach-o.dylib"; includeInIndex = 0; path = libmprssl.dylib; sourceTree = BUILT_PRODUCTS_DIR; };
		8D6C0C438D6C373300000020 /* makerom.c */ = {isa = PBXFileReference; fileEncoding = 4; lastKnownFileType = sourcecode.c.c; name = makerom.c; path = src/paks/mpr/makerom.c; sourceTree = "<group>"; };
		8D6C0C438D6C3733000000A4 /* makerom */ = {isa = PBXFileReference; explicitFileType = "compiled.mach-o.executable"; includeInIndex = 0; path = makerom; sourceTree = BUILT_PRODUCTS_DIR; };
		8D6C0C438D6C373300000022 /* testHttp.c */ = {isa = PBXFileReference; fileEncoding = 4; lastKnownFileType = sourcecode.c.c; name = testHttp.c; path = test/src/testHttp.c; sourceTree = "<group>"; };
		8D6C0C438D6C373300000024 /* testHttpGen.c */ = {isa = PBXFileReference; fileEncoding = 4; lastKnownFileType = sourcecode.c.c; name = testHttpGen.c; path = test/src/testHttpGen.c; sourceTree = "<group>"; };
		8D6C0C438D6C3733000000A5 /* http.h */ = {isa = PBXFileReference; fileEncoding = 4; lastKnownFileType = sourcecode.c.h; name = http.h; path = macosx-x64-default/inc/http.h; sourceTree = "<group>"; };
		8D6C0C438D6C373300000026 /* testHttpUri.c */ = {isa = PBXFileReference; fileEncoding = 4; lastKnownFileType = sourcecode.c.c; name = testHttpUri.c; path = test/src/testHttpUri.c; sourceTree = "<group>"; };
		8D6C0C438D6C3733000000A6 /* testHttp */ = {isa = PBXFileReference; explicitFileType = "compiled.mach-o.executable"; includeInIndex = 0; path = testHttp; sourceTree = BUILT_PRODUCTS_DIR; };
		8D6C0C438D6C373300000028 /* actionHandler.c */ = {isa = PBXFileReference; fileEncoding = 4; lastKnownFileType = sourcecode.c.c; name = actionHandler.c; path = src/actionHandler.c; sourceTree = "<group>"; };
		8D6C0C438D6C37330000002A /* auth.c */ = {isa = PBXFileReference; fileEncoding = 4; lastKnownFileType = sourcecode.c.c; name = auth.c; path = src/auth.c; sourceTree = "<group>"; };
		8D6C0C438D6C37330000002C /* basic.c */ = {isa = PBXFileReference; fileEncoding = 4; lastKnownFileType = sourcecode.c.c; name = basic.c; path = src/basic.c; sourceTree = "<group>"; };
		8D6C0C438D6C37330000002E /* cache.c */ = {isa = PBXFileReference; fileEncoding = 4; lastKnownFileType = sourcecode.c.c; name = cache.c; path = src/cache.c; sourceTree = "<group>"; };
		8D6C0C438D6C373300000030 /* chunkFilter.c */ = {isa = PBXFileReference; fileEncoding = 4; lastKnownFileType = sourcecode.c.c; name = chunkFilter.c; path = src/chunkFilter.c; sourceTree = "<group>"; };
		8D6C0C438D6C373300000032 /* client.c */ = {isa = PBXFileReference; fileEncoding = 4; lastKnownFileType = sourcecode.c.c; name = client.c; path = src/client.c; sourceTree = "<group>"; };
		8D6C0C438D6C373300000034 /* conn.c */ = {isa = PBXFileReference; fileEncoding = 4; lastKnownFileType = sourcecode.c.c; name = conn.c; path = src/conn.c; sourceTree = "<group>"; };
		8D6C0C438D6C373300000036 /* digest.c */ = {isa = PBXFileReference; fileEncoding = 4; lastKnownFileType = sourcecode.c.c; name = digest.c; path = src/digest.c; sourceTree = "<group>"; };
		8D6C0C438D6C373300000038 /* endpoint.c */ = {isa = PBXFileReference; fileEncoding = 4; lastKnownFileType = sourcecode.c.c; name = endpoint.c; path = src/endpoint.c; sourceTree = "<group>"; };
		8D6C0C438D6C37330000003A /* error.c */ = {isa = PBXFileReference; fileEncoding = 4; lastKnownFileType = sourcecode.c.c; name = error.c; path = src/error.c; sourceTree = "<group>"; };
		8D6C0C438D6C37330000003C /* host.c */ = {isa = PBXFileReference; fileEncoding = 4; lastKnownFileType = sourcecode.c.c; name = host.c; path = src/host.c; sourceTree = "<group>"; };
		8D6C0C438D6C37330000003E /* log.c */ = {isa = PBXFileReference; fileEncoding = 4; lastKnownFileType = sourcecode.c.c; name = log.c; path = src/log.c; sourceTree = "<group>"; };
		8D6C0C438D6C373300000040 /* monitor.c */ = {isa = PBXFileReference; fileEncoding = 4; lastKnownFileType = sourcecode.c.c; name = monitor.c; path = src/monitor.c; sourceTree = "<group>"; };
		8D6C0C438D6C373300000042 /* netConnector.c */ = {isa = PBXFileReference; fileEncoding = 4; lastKnownFileType = sourcecode.c.c; name = netConnector.c; path = src/netConnector.c; sourceTree = "<group>"; };
		8D6C0C438D6C373300000044 /* packet.c */ = {isa = PBXFileReference; fileEncoding = 4; lastKnownFileType = sourcecode.c.c; name = packet.c; path = src/packet.c; sourceTree = "<group>"; };
		8D6C0C438D6C373300000046 /* pam.c */ = {isa = PBXFileReference; fileEncoding = 4; lastKnownFileType = sourcecode.c.c; name = pam.c; path = src/pam.c; sourceTree = "<group>"; };
		8D6C0C438D6C373300000048 /* passHandler.c */ = {isa = PBXFileReference; fileEncoding = 4; lastKnownFileType = sourcecode.c.c; name = passHandler.c; path = src/passHandler.c; sourceTree = "<group>"; };
		8D6C0C438D6C37330000004A /* pipeline.c */ = {isa = PBXFileReference; fileEncoding = 4; lastKnownFileType = sourcecode.c.c; name = pipeline.c; path = src/pipeline.c; sourceTree = "<group>"; };
		8D6C0C438D6C37330000004C /* queue.c */ = {isa = PBXFileReference; fileEncoding = 4; lastKnownFileType = sourcecode.c.c; name = queue.c; path = src/queue.c; sourceTree = "<group>"; };
		8D6C0C438D6C37330000004E /* rangeFilter.c */ = {isa = PBXFileReference; fileEncoding = 4; lastKnownFileType = sourcecode.c.c; name = rangeFilter.c; path = src/rangeFilter.c; sourceTree = "<group>"; };
		8D6C0C438D6C373300000050 /* route.c */ = {isa = PBXFileReference; fileEncoding = 4; lastKnownFileType = sourcecode.c.c; name = route.c; path = src/route.c; sourceTree = "<group>"; };
		8D6C0C438D6C373300000052 /* rx.c */ = {isa = PBXFileReference; fileEncoding = 4; lastKnownFileType = sourcecode.c.c; name = rx.c; path = src/rx.c; sourceTree = "<group>"; };
		8D6C0C438D6C373300000054 /* sendConnector.c */ = {isa = PBXFileReference; fileEncoding = 4; lastKnownFileType = sourcecode.c.c; name = sendConnector.c; path = src/sendConnector.c; sourceTree = "<group>"; };
		8D6C0C438D6C373300000056 /* service.c */ = {isa = PBXFileReference; fileEncoding = 4; lastKnownFileType = sourcecode.c.c; name = service.c; path = src/service.c; sourceTree = "<group>"; };
		8D6C0C438D6C373300000058 /* session.c */ = {isa = PBXFileReference; fileEncoding = 4; lastKnownFileType = sourcecode.c.c; name = session.c; path = src/session.c; sourceTree = "<group>"; };
		8D6C0C438D6C37330000005A /* stage.c */ = {isa = PBXFileReference; fileEncoding = 4; lastKnownFileType = sourcecode.c.c; name = stage.c; path = src/stage.c; sourceTree = "<group>"; };
		8D6C0C438D6C37330000005C /* trace.c */ = {isa = PBXFileReference; fileEncoding = 4; lastKnownFileType = sourcecode.c.c; name = trace.c; path = src/trace.c; sourceTree = "<group>"; };
		8D6C0C438D6C37330000005E /* tx.c */ = {isa = PBXFileReference; fileEncoding = 4; lastKnownFileType = sourcecode.c.c; name = tx.c; path = src/tx.c; sourceTree = "<group>"; };
		8D6C0C438D6C373300000060 /* uploadFilter.c */ = {isa = PBXFileReference; fileEncoding = 4; lastKnownFileType = sourcecode.c.c; name = uploadFilter.c; path = src/uploadFilter.c; sourceTree = "<group>"; };
		8D6C0C438D6C373300000062 /* uri.c */ = {isa = PBXFileReference; fileEncoding = 4; lastKnownFileType = sourcecode.c.c; name = uri.c; path = src/uri.c; sourceTree = "<group>"; };
		8D6C0C438D6C373300000064 /* var.c */ = {isa = PBXFileReference; fileEncoding = 4; lastKnownFileType = sourcecode.c.c; name = var.c; path = src/var.c; sourceTree = "<group>"; };
		8D6C0C438D6C373300000066 /* webSockFilter.c */ = {isa = PBXFileReference; fileEncoding = 4; lastKnownFileType = sourcecode.c.c; name = webSockFilter.c; path = src/webSockFilter.c; sourceTree = "<group>"; };
		8D6C0C438D6C37330000006F /* libhttp */ = {isa = PBXFileReference; explicitFileType = "compiled.mach-o.dylib"; includeInIndex = 0; path = libhttp.dylib; sourceTree = BUILT_PRODUCTS_DIR; };
		8D6C0C438D6C373300000068 /* http.c */ = {isa = PBXFileReference; fileEncoding = 4; lastKnownFileType = sourcecode.c.c; name = http.c; path = src/http.c; sourceTree = "<group>"; };
		8D6C0C438D6C3733000000A7 /* httpcmd */ = {isa = PBXFileReference; explicitFileType = "compiled.mach-o.executable"; includeInIndex = 0; path = http; sourceTree = BUILT_PRODUCTS_DIR; };
/* End PBXFileReference section */

/* Begin PBXFrameworksBuildPhase section */
		8D6C0C438D6C3733000000A8 /* Frameworks and Libraries for libest */ = {
            isa = PBXFrameworksBuildPhase;
            buildActionMask = 2147483647;
            files = (
				
            );
            runOnlyForDeploymentPostprocessing = 0;
        };
		8D6C0C438D6C3733000000A9 /* Frameworks and Libraries for libpcre */ = {
            isa = PBXFrameworksBuildPhase;
            buildActionMask = 2147483647;
            files = (
				
            );
            runOnlyForDeploymentPostprocessing = 0;
        };
		8D6C0C438D6C3733000000AA /* Frameworks and Libraries for libmpr */ = {
            isa = PBXFrameworksBuildPhase;
            buildActionMask = 2147483647;
            files = (
				
            );
            runOnlyForDeploymentPostprocessing = 0;
        };
		8D6C0C438D6C3733000000AB /* Frameworks and Libraries for libmprssl */ = {
            isa = PBXFrameworksBuildPhase;
            buildActionMask = 2147483647;
            files = (
				8D6C0C438D6C373300000069 /* libmpr */,
				8D6C0C438D6C37330000006B /* libest */,				
            );
            runOnlyForDeploymentPostprocessing = 0;
        };
		8D6C0C438D6C3733000000AC /* Frameworks and Libraries for makerom */ = {
            isa = PBXFrameworksBuildPhase;
            buildActionMask = 2147483647;
            files = (
				8D6C0C438D6C37330000006D /* libmpr */,				
            );
            runOnlyForDeploymentPostprocessing = 0;
        };
		8D6C0C438D6C3733000000AD /* Frameworks and Libraries for testHttp */ = {
            isa = PBXFrameworksBuildPhase;
            buildActionMask = 2147483647;
            files = (
				8D6C0C438D6C37330000006E /* libhttp */,
				8D6C0C438D6C373300000070 /* libmpr */,
				8D6C0C438D6C373300000071 /* libpcre */,				
            );
            runOnlyForDeploymentPostprocessing = 0;
        };
		8D6C0C438D6C3733000000AE /* Frameworks and Libraries for libhttp */ = {
            isa = PBXFrameworksBuildPhase;
            buildActionMask = 2147483647;
            files = (
				8D6C0C438D6C373300000073 /* libmpr */,
				8D6C0C438D6C373300000074 /* libpcre */,				
            );
            runOnlyForDeploymentPostprocessing = 0;
        };
		8D6C0C438D6C3733000000AF /* Frameworks and Libraries for httpcmd */ = {
            isa = PBXFrameworksBuildPhase;
            buildActionMask = 2147483647;
            files = (
				8D6C0C438D6C373300000075 /* libhttp */,
				8D6C0C438D6C373300000076 /* libmpr */,
				8D6C0C438D6C373300000077 /* libpcre */,				
            );
            runOnlyForDeploymentPostprocessing = 0;
        };
/* End PBXFrameworksBuildPhase section */

/* Begin PBXGroup section */
		8D6C0C438D6C3733000000B0 /* Top Group */ = {
            isa = PBXGroup;
            children = (
				8D6C0C438D6C3733000000B1 /* libest */,
				8D6C0C438D6C3733000000B2 /* libhttp */,
				8D6C0C438D6C3733000000B3 /* libmpr */,
				8D6C0C438D6C3733000000B4 /* libmprssl */,
				8D6C0C438D6C3733000000B5 /* libpcre */,
				8D6C0C438D6C3733000000B6 /* httpcmd */,
				8D6C0C438D6C3733000000B7 /* makerom */,
				8D6C0C438D6C3733000000B8 /* testHttp */,
				8D6C0C438D6C3733000000B9 /* Products */,
			);
            sourceTree = "<group>";
        };
		8D6C0C438D6C3733000000B1 /* libest */ = {
            isa = PBXGroup;
            children = (
				8D6C0C438D6C37330000009E /* bit.h */,
				8D6C0C438D6C37330000009F /* est.h */,
				8D6C0C438D6C3733000000A0 /* bitos.h */,
				8D6C0C438D6C373300000018 /* estLib.c */,
			);
            name = "libest";
            path = ..;
            sourceTree = SOURCE_ROOT;
        };
		8D6C0C438D6C3733000000B5 /* libpcre */ = {
            isa = PBXGroup;
            children = (
				8D6C0C438D6C37330000009E /* bit.h */,
				8D6C0C438D6C3733000000A1 /* pcre.h */,
				8D6C0C438D6C37330000001A /* pcre.c */,
			);
            name = "libpcre";
            path = ..;
            sourceTree = SOURCE_ROOT;
        };
		8D6C0C438D6C3733000000B3 /* libmpr */ = {
            isa = PBXGroup;
            children = (
				8D6C0C438D6C37330000009E /* bit.h */,
				8D6C0C438D6C3733000000A2 /* mpr.h */,
				8D6C0C438D6C3733000000A0 /* bitos.h */,
				8D6C0C438D6C37330000001C /* mprLib.c */,
			);
            name = "libmpr";
            path = ..;
            sourceTree = SOURCE_ROOT;
        };
		8D6C0C438D6C3733000000B4 /* libmprssl */ = {
            isa = PBXGroup;
            children = (
				8D6C0C438D6C37330000009E /* bit.h */,
				8D6C0C438D6C3733000000A2 /* mpr.h */,
				8D6C0C438D6C37330000009F /* est.h */,
				8D6C0C438D6C37330000001E /* mprSsl.c */,
			);
            name = "libmprssl";
            path = ..;
            sourceTree = SOURCE_ROOT;
        };
		8D6C0C438D6C3733000000B7 /* makerom */ = {
            isa = PBXGroup;
            children = (
				8D6C0C438D6C37330000009E /* bit.h */,
				8D6C0C438D6C3733000000A2 /* mpr.h */,
				8D6C0C438D6C373300000020 /* makerom.c */,
			);
            name = "makerom";
            path = ..;
            sourceTree = SOURCE_ROOT;
        };
		8D6C0C438D6C3733000000B8 /* testHttp */ = {
            isa = PBXGroup;
            children = (
				8D6C0C438D6C37330000009E /* bit.h */,
				8D6C0C438D6C3733000000A2 /* mpr.h */,
				8D6C0C438D6C3733000000A5 /* http.h */,
				8D6C0C438D6C373300000022 /* testHttp.c */,
				8D6C0C438D6C373300000024 /* testHttpGen.c */,
				8D6C0C438D6C373300000026 /* testHttpUri.c */,
			);
            name = "testHttp";
            path = ..;
            sourceTree = SOURCE_ROOT;
        };
		8D6C0C438D6C3733000000B2 /* libhttp */ = {
            isa = PBXGroup;
            children = (
				8D6C0C438D6C37330000009E /* bit.h */,
				8D6C0C438D6C3733000000A5 /* http.h */,
				8D6C0C438D6C3733000000A2 /* mpr.h */,
				8D6C0C438D6C373300000028 /* actionHandler.c */,
				8D6C0C438D6C37330000002A /* auth.c */,
				8D6C0C438D6C37330000002C /* basic.c */,
				8D6C0C438D6C37330000002E /* cache.c */,
				8D6C0C438D6C373300000030 /* chunkFilter.c */,
				8D6C0C438D6C373300000032 /* client.c */,
				8D6C0C438D6C373300000034 /* conn.c */,
				8D6C0C438D6C373300000036 /* digest.c */,
				8D6C0C438D6C373300000038 /* endpoint.c */,
				8D6C0C438D6C37330000003A /* error.c */,
				8D6C0C438D6C37330000003C /* host.c */,
				8D6C0C438D6C37330000003E /* log.c */,
				8D6C0C438D6C373300000040 /* monitor.c */,
				8D6C0C438D6C373300000042 /* netConnector.c */,
				8D6C0C438D6C373300000044 /* packet.c */,
				8D6C0C438D6C373300000046 /* pam.c */,
				8D6C0C438D6C373300000048 /* passHandler.c */,
				8D6C0C438D6C37330000004A /* pipeline.c */,
				8D6C0C438D6C37330000004C /* queue.c */,
				8D6C0C438D6C37330000004E /* rangeFilter.c */,
				8D6C0C438D6C373300000050 /* route.c */,
				8D6C0C438D6C373300000052 /* rx.c */,
				8D6C0C438D6C373300000054 /* sendConnector.c */,
				8D6C0C438D6C373300000056 /* service.c */,
				8D6C0C438D6C373300000058 /* session.c */,
				8D6C0C438D6C37330000005A /* stage.c */,
				8D6C0C438D6C37330000005C /* trace.c */,
				8D6C0C438D6C37330000005E /* tx.c */,
				8D6C0C438D6C373300000060 /* uploadFilter.c */,
				8D6C0C438D6C373300000062 /* uri.c */,
				8D6C0C438D6C373300000064 /* var.c */,
				8D6C0C438D6C373300000066 /* webSockFilter.c */,
			);
            name = "libhttp";
            path = ..;
            sourceTree = SOURCE_ROOT;
        };
		8D6C0C438D6C3733000000B6 /* httpcmd */ = {
            isa = PBXGroup;
            children = (
				8D6C0C438D6C37330000009E /* bit.h */,
				8D6C0C438D6C3733000000A5 /* http.h */,
				8D6C0C438D6C373300000068 /* http.c */,
			);
            name = "httpcmd";
            path = ..;
            sourceTree = SOURCE_ROOT;
        };
		8D6C0C438D6C3733000000B9 /* Products */ = {
            isa = PBXGroup;
            children = (
				8D6C0C438D6C37330000006C /* libest */,
				8D6C0C438D6C373300000072 /* libpcre */,
				8D6C0C438D6C37330000006A /* libmpr */,
				8D6C0C438D6C3733000000A3 /* libmprssl */,
				8D6C0C438D6C3733000000A4 /* makerom */,
				8D6C0C438D6C3733000000A6 /* testHttp */,
				8D6C0C438D6C37330000006F /* libhttp */,
				8D6C0C438D6C3733000000A7 /* httpcmd */,
			);
            name = "Products";
            path = ..;
            sourceTree = SOURCE_ROOT;
        };
/* End PBXGroup section */

/* Begin PBXNativeTarget section */
		8D6C0C438D6C373300000080 /* libest */ = {
			isa = PBXNativeTarget;
			buildConfigurationList = 8D6C0C438D6C3733000000BB /* Build configuration list for PBXNativeTarget "libest" */;
			buildPhases = (
				8D6C0C438D6C3733000000BA /* Sources */,
				8D6C0C438D6C3733000000A8 /* Frameworks */,
			);
			buildRules = (
			);
			dependencies = (
				8D6C0C438D6C3733000000BC /* Prep */,				
			);
			name = libest;
			productName = http;
			productReference = 8D6C0C438D6C37330000006C /* libest */;
			productType = "com.apple.product-type.library.dynamic";
		};
		8D6C0C438D6C373300000086 /* libpcre */ = {
			isa = PBXNativeTarget;
			buildConfigurationList = 8D6C0C438D6C3733000000BE /* Build configuration list for PBXNativeTarget "libpcre" */;
			buildPhases = (
				8D6C0C438D6C3733000000BD /* Sources */,
				8D6C0C438D6C3733000000A9 /* Frameworks */,
			);
			buildRules = (
			);
			dependencies = (
				8D6C0C438D6C3733000000BF /* Prep */,				
			);
			name = libpcre;
			productName = http;
			productReference = 8D6C0C438D6C373300000072 /* libpcre */;
			productType = "com.apple.product-type.library.dynamic";
		};
		8D6C0C438D6C37330000007E /* libmpr */ = {
			isa = PBXNativeTarget;
			buildConfigurationList = 8D6C0C438D6C3733000000C1 /* Build configuration list for PBXNativeTarget "libmpr" */;
			buildPhases = (
				8D6C0C438D6C3733000000C0 /* Sources */,
				8D6C0C438D6C3733000000AA /* Frameworks */,
			);
			buildRules = (
			);
			dependencies = (
				8D6C0C438D6C3733000000C2 /* Prep */,				
			);
			name = libmpr;
			productName = http;
			productReference = 8D6C0C438D6C37330000006A /* libmpr */;
			productType = "com.apple.product-type.library.dynamic";
		};
		8D6C0C438D6C373300000096 /* libmprssl */ = {
			isa = PBXNativeTarget;
			buildConfigurationList = 8D6C0C438D6C3733000000C4 /* Build configuration list for PBXNativeTarget "libmprssl" */;
			buildPhases = (
				8D6C0C438D6C3733000000C3 /* Sources */,
				8D6C0C438D6C3733000000AB /* Frameworks */,
			);
			buildRules = (
			);
			dependencies = (
				8D6C0C438D6C3733000000C5 /* Prep */,
				8D6C0C438D6C3733000000C6 /* libmpr */,
				8D6C0C438D6C3733000000C7 /* libest */,				
			);
			name = libmprssl;
			productName = http;
			productReference = 8D6C0C438D6C3733000000A3 /* libmprssl */;
			productType = "com.apple.product-type.library.dynamic";
		};
		8D6C0C438D6C373300000098 /* makerom */ = {
			isa = PBXNativeTarget;
			buildConfigurationList = 8D6C0C438D6C3733000000C9 /* Build configuration list for PBXNativeTarget "makerom" */;
			buildPhases = (
				8D6C0C438D6C3733000000C8 /* Sources */,
				8D6C0C438D6C3733000000AC /* Frameworks */,
			);
			buildRules = (
			);
			dependencies = (
				8D6C0C438D6C3733000000CA /* Prep */,
				8D6C0C438D6C3733000000CB /* libmpr */,				
			);
			name = makerom;
			productName = http;
			productReference = 8D6C0C438D6C3733000000A4 /* makerom */;
			productType = "com.apple.product-type.tool";
		};
		8D6C0C438D6C37330000009B /* testHttp */ = {
			isa = PBXNativeTarget;
			buildConfigurationList = 8D6C0C438D6C3733000000CD /* Build configuration list for PBXNativeTarget "testHttp" */;
			buildPhases = (
				8D6C0C438D6C3733000000CC /* Sources */,
				8D6C0C438D6C3733000000AD /* Frameworks */,
			);
			buildRules = (
			);
			dependencies = (
				8D6C0C438D6C3733000000CE /* Prep */,
				8D6C0C438D6C3733000000CF /* libmpr */,
				8D6C0C438D6C3733000000D0 /* libpcre */,
				8D6C0C438D6C3733000000D1 /* libhttp */,				
			);
			name = testHttp;
			productName = http;
			productReference = 8D6C0C438D6C3733000000A6 /* testHttp */;
			productType = "com.apple.product-type.tool";
		};
		8D6C0C438D6C373300000088 /* libhttp */ = {
			isa = PBXNativeTarget;
			buildConfigurationList = 8D6C0C438D6C3733000000D3 /* Build configuration list for PBXNativeTarget "libhttp" */;
			buildPhases = (
				8D6C0C438D6C3733000000D2 /* Sources */,
				8D6C0C438D6C3733000000AE /* Frameworks */,
			);
			buildRules = (
			);
			dependencies = (
				8D6C0C438D6C3733000000D4 /* Prep */,
				8D6C0C438D6C3733000000D5 /* libmpr */,
				8D6C0C438D6C3733000000D6 /* libpcre */,				
			);
			name = libhttp;
			productName = http;
			productReference = 8D6C0C438D6C37330000006F /* libhttp */;
			productType = "com.apple.product-type.library.dynamic";
		};
		8D6C0C438D6C37330000009D /* httpcmd */ = {
			isa = PBXNativeTarget;
			buildConfigurationList = 8D6C0C438D6C3733000000D8 /* Build configuration list for PBXNativeTarget "httpcmd" */;
			buildPhases = (
				8D6C0C438D6C3733000000D7 /* Sources */,
				8D6C0C438D6C3733000000AF /* Frameworks */,
			);
			buildRules = (
			);
			dependencies = (
				8D6C0C438D6C3733000000D9 /* Prep */,
				8D6C0C438D6C3733000000DA /* libmpr */,
				8D6C0C438D6C3733000000DB /* libpcre */,
				8D6C0C438D6C3733000000DC /* libhttp */,				
			);
			name = httpcmd;
			productName = http;
			productReference = 8D6C0C438D6C3733000000A7 /* httpcmd */;
			productType = "com.apple.product-type.tool";
		};
/* End PBXNativeTarget section */

/* Begin PBXShellScriptBuildPhase section */
		8D6C0C438D6C373300000007 /* ShellScript for ca-crt */ = {
			isa = PBXShellScriptBuildPhase;
			buildActionMask = 2147483647;
			files = (
			);
			inputPaths = (
../src/paks/est/ca.crt
			);
			outputPaths = (
../macosx-x64-default/bin/ca.crt
			);
			runOnlyForDeploymentPostprocessing = 0;
			shellPath = /bin/bash;
			shellScript = "PATH=$PATH:/usr/local/bin
cd ../src/paks/est
rm -rf ../../${OUT_DIR}/bin/ca.crt
cp -r ca.crt ../../${OUT_DIR}/bin/ca.crt
";
		};
		8D6C0C438D6C373300000016 /* ShellScript for Prep */ = {
			isa = PBXShellScriptBuildPhase;
			buildActionMask = 2147483647;
			files = (
			);
			inputPaths = (

			);
			outputPaths = (

			);
			runOnlyForDeploymentPostprocessing = 0;
			shellPath = /bin/bash;
			shellScript = "PATH=$PATH:/usr/local/bin
[ ! -x ${INC_DIR} ] && mkdir -p ${INC_DIR} ${OBJ_DIR} ${LIB_DIR} ${BIN_DIR}
[ ! -f ${INC_DIR}/bit.h ] && cp http-macosx-default-bit.h ${INC_DIR}/bit.h
[ ! -f ${INC_DIR}/bitos.h ] && cp ${SRC_DIR}/src/bitos.h ${INC_DIR}/bitos.h
if ! diff ${INC_DIR}/bit.h http-macosx-default-bit.h >/dev/null ; then
cp http-macosx-default-bit.h ${INC_DIR}/bit.h
fi
if [ ../src/paks/est/est.h -nt ${OUT_DIR}/inc/est.h ] ; then
cp ../src/paks/est/est.h ${OUT_DIR}/inc/est.h
fi
if [ ../src/paks/pcre/pcre.h -nt ${OUT_DIR}/inc/pcre.h ] ; then
cp ../src/paks/pcre/pcre.h ${OUT_DIR}/inc/pcre.h
fi
if [ ../src/paks/mpr/mpr.h -nt ${OUT_DIR}/inc/mpr.h ] ; then
cp ../src/paks/mpr/mpr.h ${OUT_DIR}/inc/mpr.h
fi
if [ ../src/bitos.h -nt ${OUT_DIR}/inc/bitos.h ] ; then
cp ../src/bitos.h ${OUT_DIR}/inc/bitos.h
fi
if [ ../src/http.h -nt ${OUT_DIR}/inc/http.h ] ; then
cp ../src/http.h ${OUT_DIR}/inc/http.h
fi";
		};
/* End PBXShellScriptBuildPhase section */

/* Begin PBXProject section */
		8D6C0C438D6C373300000001 /* Project object */ = {
			isa = PBXProject;
			attributes = {
				LastUpgradeCheck = 0430;
				ORGANIZATIONNAME = "embedthis";
			};
			buildConfigurationList = 8D6C0C438D6C373300000002 /* Build configuration list for PBXProject "http" */;
			compatibilityVersion = "Xcode 3.2";
			developmentRegion = English;
			hasScannedForEncodings = 0;
			knownRegions = (
				en,
			);
			mainGroup = 8D6C0C438D6C3733000000B0;
			productRefGroup = 8D6C0C438D6C3733000000B9 /* Products */;
			projectDirPath = "";
			projectRoot = "";
			targets = (
				8D6C0C438D6C37330000000A /* All */,
				8D6C0C438D6C373300000015 /* Prep */,
				8D6C0C438D6C373300000080 /* libest */,
				8D6C0C438D6C373300000088 /* libhttp */,
				8D6C0C438D6C37330000007E /* libmpr */,
				8D6C0C438D6C373300000096 /* libmprssl */,
				8D6C0C438D6C373300000086 /* libpcre */,
				8D6C0C438D6C37330000009D /* httpcmd */,
				8D6C0C438D6C373300000098 /* makerom */,
				8D6C0C438D6C37330000009B /* testHttp */,
				8D6C0C438D6C373300000006 /* ca-crt */,
			);
		};
/* End PBXProject section */

/* Begin PBXSourcesBuildPhase section */
		8D6C0C438D6C3733000000BA /* libest Sources */ = {
			isa = PBXSourcesBuildPhase;
			buildActionMask = 2147483647;
			files = (
				8D6C0C438D6C373300000017 /* estLib.c in Sources */,
			);
			runOnlyForDeploymentPostprocessing = 0;
		};
		8D6C0C438D6C3733000000BD /* libpcre Sources */ = {
			isa = PBXSourcesBuildPhase;
			buildActionMask = 2147483647;
			files = (
				8D6C0C438D6C373300000019 /* pcre.c in Sources */,
			);
			runOnlyForDeploymentPostprocessing = 0;
		};
		8D6C0C438D6C3733000000C0 /* libmpr Sources */ = {
			isa = PBXSourcesBuildPhase;
			buildActionMask = 2147483647;
			files = (
				8D6C0C438D6C37330000001B /* mprLib.c in Sources */,
			);
			runOnlyForDeploymentPostprocessing = 0;
		};
		8D6C0C438D6C3733000000C3 /* libmprssl Sources */ = {
			isa = PBXSourcesBuildPhase;
			buildActionMask = 2147483647;
			files = (
				8D6C0C438D6C37330000001D /* mprSsl.c in Sources */,
			);
			runOnlyForDeploymentPostprocessing = 0;
		};
		8D6C0C438D6C3733000000C8 /* makerom Sources */ = {
			isa = PBXSourcesBuildPhase;
			buildActionMask = 2147483647;
			files = (
				8D6C0C438D6C37330000001F /* makerom.c in Sources */,
			);
			runOnlyForDeploymentPostprocessing = 0;
		};
		8D6C0C438D6C3733000000CC /* testHttp Sources */ = {
			isa = PBXSourcesBuildPhase;
			buildActionMask = 2147483647;
			files = (
				8D6C0C438D6C373300000021 /* testHttp.c in Sources */,
				8D6C0C438D6C373300000023 /* testHttpGen.c in Sources */,
				8D6C0C438D6C373300000025 /* testHttpUri.c in Sources */,
			);
			runOnlyForDeploymentPostprocessing = 0;
		};
		8D6C0C438D6C3733000000D2 /* libhttp Sources */ = {
			isa = PBXSourcesBuildPhase;
			buildActionMask = 2147483647;
			files = (
				8D6C0C438D6C373300000027 /* actionHandler.c in Sources */,
				8D6C0C438D6C373300000029 /* auth.c in Sources */,
				8D6C0C438D6C37330000002B /* basic.c in Sources */,
				8D6C0C438D6C37330000002D /* cache.c in Sources */,
				8D6C0C438D6C37330000002F /* chunkFilter.c in Sources */,
				8D6C0C438D6C373300000031 /* client.c in Sources */,
				8D6C0C438D6C373300000033 /* conn.c in Sources */,
				8D6C0C438D6C373300000035 /* digest.c in Sources */,
				8D6C0C438D6C373300000037 /* endpoint.c in Sources */,
				8D6C0C438D6C373300000039 /* error.c in Sources */,
				8D6C0C438D6C37330000003B /* host.c in Sources */,
				8D6C0C438D6C37330000003D /* log.c in Sources */,
				8D6C0C438D6C37330000003F /* monitor.c in Sources */,
				8D6C0C438D6C373300000041 /* netConnector.c in Sources */,
				8D6C0C438D6C373300000043 /* packet.c in Sources */,
				8D6C0C438D6C373300000045 /* pam.c in Sources */,
				8D6C0C438D6C373300000047 /* passHandler.c in Sources */,
				8D6C0C438D6C373300000049 /* pipeline.c in Sources */,
				8D6C0C438D6C37330000004B /* queue.c in Sources */,
				8D6C0C438D6C37330000004D /* rangeFilter.c in Sources */,
				8D6C0C438D6C37330000004F /* route.c in Sources */,
				8D6C0C438D6C373300000051 /* rx.c in Sources */,
				8D6C0C438D6C373300000053 /* sendConnector.c in Sources */,
				8D6C0C438D6C373300000055 /* service.c in Sources */,
				8D6C0C438D6C373300000057 /* session.c in Sources */,
				8D6C0C438D6C373300000059 /* stage.c in Sources */,
				8D6C0C438D6C37330000005B /* trace.c in Sources */,
				8D6C0C438D6C37330000005D /* tx.c in Sources */,
				8D6C0C438D6C37330000005F /* uploadFilter.c in Sources */,
				8D6C0C438D6C373300000061 /* uri.c in Sources */,
				8D6C0C438D6C373300000063 /* var.c in Sources */,
				8D6C0C438D6C373300000065 /* webSockFilter.c in Sources */,
			);
			runOnlyForDeploymentPostprocessing = 0;
		};
		8D6C0C438D6C3733000000D7 /* httpcmd Sources */ = {
			isa = PBXSourcesBuildPhase;
			buildActionMask = 2147483647;
			files = (
				8D6C0C438D6C373300000067 /* http.c in Sources */,
			);
			runOnlyForDeploymentPostprocessing = 0;
		};
/* End PBXSourcesBuildPhase section */

/* Begin PBXTargetDependency section */
		8D6C0C438D6C3733000000BC /* PBXTargetDependency libest depends on Prep */ = {
			isa = PBXTargetDependency;
			target = 8D6C0C438D6C373300000015 /* Prep */;
			targetProxy = 8D6C0C438D6C373300000078 /* PBXContainerItemProxy */;
		};
		8D6C0C438D6C373300000008 /* PBXTargetDependency ca-crt depends on Prep */ = {
			isa = PBXTargetDependency;
			target = 8D6C0C438D6C373300000015 /* Prep */;
			targetProxy = 8D6C0C438D6C373300000079 /* PBXContainerItemProxy */;
		};
		8D6C0C438D6C3733000000BF /* PBXTargetDependency libpcre depends on Prep */ = {
			isa = PBXTargetDependency;
			target = 8D6C0C438D6C373300000015 /* Prep */;
			targetProxy = 8D6C0C438D6C37330000007A /* PBXContainerItemProxy */;
		};
		8D6C0C438D6C3733000000C2 /* PBXTargetDependency libmpr depends on Prep */ = {
			isa = PBXTargetDependency;
			target = 8D6C0C438D6C373300000015 /* Prep */;
			targetProxy = 8D6C0C438D6C37330000007B /* PBXContainerItemProxy */;
		};
		8D6C0C438D6C3733000000C5 /* PBXTargetDependency libmprssl depends on Prep */ = {
			isa = PBXTargetDependency;
			target = 8D6C0C438D6C373300000015 /* Prep */;
			targetProxy = 8D6C0C438D6C37330000007C /* PBXContainerItemProxy */;
		};
		8D6C0C438D6C3733000000C6 /* PBXTargetDependency libmprssl depends on libmpr */ = {
			isa = PBXTargetDependency;
			target = 8D6C0C438D6C37330000007E /* libmpr */;
			targetProxy = 8D6C0C438D6C37330000007D /* PBXContainerItemProxy */;
		};
		8D6C0C438D6C3733000000C7 /* PBXTargetDependency libmprssl depends on libest */ = {
			isa = PBXTargetDependency;
			target = 8D6C0C438D6C373300000080 /* libest */;
			targetProxy = 8D6C0C438D6C37330000007F /* PBXContainerItemProxy */;
		};
		8D6C0C438D6C3733000000CA /* PBXTargetDependency makerom depends on Prep */ = {
			isa = PBXTargetDependency;
			target = 8D6C0C438D6C373300000015 /* Prep */;
			targetProxy = 8D6C0C438D6C373300000081 /* PBXContainerItemProxy */;
		};
		8D6C0C438D6C3733000000CB /* PBXTargetDependency makerom depends on libmpr */ = {
			isa = PBXTargetDependency;
			target = 8D6C0C438D6C37330000007E /* libmpr */;
			targetProxy = 8D6C0C438D6C373300000082 /* PBXContainerItemProxy */;
		};
		8D6C0C438D6C3733000000CE /* PBXTargetDependency testHttp depends on Prep */ = {
			isa = PBXTargetDependency;
			target = 8D6C0C438D6C373300000015 /* Prep */;
			targetProxy = 8D6C0C438D6C373300000083 /* PBXContainerItemProxy */;
		};
		8D6C0C438D6C3733000000CF /* PBXTargetDependency testHttp depends on libmpr */ = {
			isa = PBXTargetDependency;
			target = 8D6C0C438D6C37330000007E /* libmpr */;
			targetProxy = 8D6C0C438D6C373300000084 /* PBXContainerItemProxy */;
		};
		8D6C0C438D6C3733000000D0 /* PBXTargetDependency testHttp depends on libpcre */ = {
			isa = PBXTargetDependency;
			target = 8D6C0C438D6C373300000086 /* libpcre */;
			targetProxy = 8D6C0C438D6C373300000085 /* PBXContainerItemProxy */;
		};
		8D6C0C438D6C3733000000D1 /* PBXTargetDependency testHttp depends on libhttp */ = {
			isa = PBXTargetDependency;
			target = 8D6C0C438D6C373300000088 /* libhttp */;
			targetProxy = 8D6C0C438D6C373300000087 /* PBXContainerItemProxy */;
		};
		8D6C0C438D6C3733000000D4 /* PBXTargetDependency libhttp depends on Prep */ = {
			isa = PBXTargetDependency;
			target = 8D6C0C438D6C373300000015 /* Prep */;
			targetProxy = 8D6C0C438D6C373300000089 /* PBXContainerItemProxy */;
		};
		8D6C0C438D6C3733000000D5 /* PBXTargetDependency libhttp depends on libmpr */ = {
			isa = PBXTargetDependency;
			target = 8D6C0C438D6C37330000007E /* libmpr */;
			targetProxy = 8D6C0C438D6C37330000008A /* PBXContainerItemProxy */;
		};
		8D6C0C438D6C3733000000D6 /* PBXTargetDependency libhttp depends on libpcre */ = {
			isa = PBXTargetDependency;
			target = 8D6C0C438D6C373300000086 /* libpcre */;
			targetProxy = 8D6C0C438D6C37330000008B /* PBXContainerItemProxy */;
		};
		8D6C0C438D6C3733000000D9 /* PBXTargetDependency httpcmd depends on Prep */ = {
			isa = PBXTargetDependency;
			target = 8D6C0C438D6C373300000015 /* Prep */;
			targetProxy = 8D6C0C438D6C37330000008C /* PBXContainerItemProxy */;
		};
		8D6C0C438D6C3733000000DA /* PBXTargetDependency httpcmd depends on libmpr */ = {
			isa = PBXTargetDependency;
			target = 8D6C0C438D6C37330000007E /* libmpr */;
			targetProxy = 8D6C0C438D6C37330000008D /* PBXContainerItemProxy */;
		};
		8D6C0C438D6C3733000000DB /* PBXTargetDependency httpcmd depends on libpcre */ = {
			isa = PBXTargetDependency;
			target = 8D6C0C438D6C373300000086 /* libpcre */;
			targetProxy = 8D6C0C438D6C37330000008E /* PBXContainerItemProxy */;
		};
		8D6C0C438D6C3733000000DC /* PBXTargetDependency httpcmd depends on libhttp */ = {
			isa = PBXTargetDependency;
			target = 8D6C0C438D6C373300000088 /* libhttp */;
			targetProxy = 8D6C0C438D6C37330000008F /* PBXContainerItemProxy */;
		};
		8D6C0C438D6C3733000000DD /* PBXTargetDependency All depends on Prep */ = {
			isa = PBXTargetDependency;
			target = 8D6C0C438D6C373300000015 /* Prep */;
			targetProxy = 8D6C0C438D6C373300000090 /* PBXContainerItemProxy */;
		};
		8D6C0C438D6C37330000000B /* PBXTargetDependency All depends on libest */ = {
			isa = PBXTargetDependency;
			target = 8D6C0C438D6C373300000080 /* libest */;
			targetProxy = 8D6C0C438D6C373300000091 /* PBXContainerItemProxy */;
		};
		8D6C0C438D6C37330000000C /* PBXTargetDependency All depends on ca-crt */ = {
			isa = PBXTargetDependency;
			target = 8D6C0C438D6C373300000006 /* ca-crt */;
			targetProxy = 8D6C0C438D6C373300000092 /* PBXContainerItemProxy */;
		};
		8D6C0C438D6C37330000000D /* PBXTargetDependency All depends on libpcre */ = {
			isa = PBXTargetDependency;
			target = 8D6C0C438D6C373300000086 /* libpcre */;
			targetProxy = 8D6C0C438D6C373300000093 /* PBXContainerItemProxy */;
		};
		8D6C0C438D6C37330000000E /* PBXTargetDependency All depends on libmpr */ = {
			isa = PBXTargetDependency;
			target = 8D6C0C438D6C37330000007E /* libmpr */;
			targetProxy = 8D6C0C438D6C373300000094 /* PBXContainerItemProxy */;
		};
		8D6C0C438D6C37330000000F /* PBXTargetDependency All depends on libmprssl */ = {
			isa = PBXTargetDependency;
			target = 8D6C0C438D6C373300000096 /* libmprssl */;
			targetProxy = 8D6C0C438D6C373300000095 /* PBXContainerItemProxy */;
		};
		8D6C0C438D6C373300000010 /* PBXTargetDependency All depends on makerom */ = {
			isa = PBXTargetDependency;
			target = 8D6C0C438D6C373300000098 /* makerom */;
			targetProxy = 8D6C0C438D6C373300000097 /* PBXContainerItemProxy */;
		};
		8D6C0C438D6C373300000012 /* PBXTargetDependency All depends on libhttp */ = {
			isa = PBXTargetDependency;
			target = 8D6C0C438D6C373300000088 /* libhttp */;
			targetProxy = 8D6C0C438D6C373300000099 /* PBXContainerItemProxy */;
		};
		8D6C0C438D6C373300000011 /* PBXTargetDependency All depends on testHttp */ = {
			isa = PBXTargetDependency;
			target = 8D6C0C438D6C37330000009B /* testHttp */;
			targetProxy = 8D6C0C438D6C37330000009A /* PBXContainerItemProxy */;
		};
		8D6C0C438D6C373300000013 /* PBXTargetDependency All depends on httpcmd */ = {
			isa = PBXTargetDependency;
			target = 8D6C0C438D6C37330000009D /* httpcmd */;
			targetProxy = 8D6C0C438D6C37330000009C /* PBXContainerItemProxy */;
		};
/* End PBXTargetDependency section */

/* Begin XCBuildConfiguration section */
		8D6C0C438D6C373300000003 /* Debug */ = {
			isa = XCBuildConfiguration;
			buildSettings = {

                /* Common Settings */
				ALWAYS_SEARCH_USER_PATHS = NO;
				ARCHS = "$(ARCHS_STANDARD_64_BIT)";
                CURRENT_PROJECT_VERSION = 4.5.1;
                DYLIB_COMPATIBILITY_VERSION = "$(CURRENT_PROJECT_VERSION)";
                DYLIB_CURRENT_VERSION = "$(CURRENT_PROJECT_VERSION)";
				GCC_C_LANGUAGE_STANDARD = gnu99;
				GCC_VERSION = com.apple.compilers.llvm.clang.1_0;
				GCC_WARN_ABOUT_RETURN_TYPE = YES;
                LD_DYLIB_INSTALL_NAME = "@rpath/$(EXECUTABLE_PATH)";
				MACOSX_DEPLOYMENT_TARGET = 10.7;
				SDKROOT = macosx;

                OUT_DIR = "../macosx-x64-default";
                BIN_DIR = "../macosx-x64-default/bin";
                LIB_DIR = "../macosx-x64-default/bin";
                INC_DIR = "../macosx-x64-default/inc";
                OBJ_DIR = "../macosx-x64-default/obj";
                SRC_DIR = "..";

                CONFIGURATION_TEMP_DIR = "$(OBJ_DIR)/tmp/$(CONFIGURATION)";
                CONFIGURATION_BUILD_DIR = "$(BIN_DIR)";
                INSTALL_PATH = "/usr/lib/http";
                DSTROOT = "/tmp/http.dst";
                OBJROOT = "$(OBJ_DIR)";
                SYMROOT = "$(BIN_DIR)";
				GCC_WARN_64_TO_32_BIT_CONVERSION = YES;
				GCC_WARN_64_TO_32_BIT_CONVERSION = YES;
				GCC_WARN_UNUSED_VARIABLE = NO;
				GCC_WARN_UNUSED_FUNCTION = NO;
				GCC_WARN_UNUSED_LABEL = NO;
				GCC_WARN_64_TO_32_BIT_CONVERSION = YES;
				GCC_WARN_64_TO_32_BIT_CONVERSION = YES;
				GCC_WARN_UNUSED_VARIABLE = NO;
				GCC_WARN_UNUSED_FUNCTION = NO;
				GCC_WARN_UNUSED_LABEL = NO;

                /* Debug Settings */
				COPY_PHASE_STRIP = NO;
				GCC_OPTIMIZATION_LEVEL = 0;
				GCC_SYMBOLS_PRIVATE_EXTERN = NO;
				HEADER_SEARCH_PATHS = (
					"../macosx-x64-default/inc",
					"$(inherited)"
				);
				GCC_PREPROCESSOR_DEFINITIONS = (
					"BIT_DEBUG",
					"$(inherited)"
				);
				LIBRARY_SEARCH_PATHS = (
					"../macosx-x64-default/bin",
					"$(inherited)"
				);
				OTHER_LDFLAGS = (
					"-Wl,-rpath,@executable_path/",
					"-Wl,-rpath,@loader_path/",
					"-ldl",
					"-lpthread",
					"-lm",
					"$(inherited)"
				);

			};
			name = Debug;
		};
		8D6C0C438D6C373300000004 /* Release */ = {
			isa = XCBuildConfiguration;
			buildSettings = {

                /* Common Settings */
				ALWAYS_SEARCH_USER_PATHS = NO;
				ARCHS = "$(ARCHS_STANDARD_64_BIT)";
                CURRENT_PROJECT_VERSION = 4.5.1;
                DYLIB_COMPATIBILITY_VERSION = "$(CURRENT_PROJECT_VERSION)";
                DYLIB_CURRENT_VERSION = "$(CURRENT_PROJECT_VERSION)";
				GCC_C_LANGUAGE_STANDARD = gnu99;
				GCC_VERSION = com.apple.compilers.llvm.clang.1_0;
				GCC_WARN_ABOUT_RETURN_TYPE = YES;
                LD_DYLIB_INSTALL_NAME = "@rpath/$(EXECUTABLE_PATH)";
				MACOSX_DEPLOYMENT_TARGET = 10.7;
				SDKROOT = macosx;

                OUT_DIR = "../macosx-x64-default";
                BIN_DIR = "../macosx-x64-default/bin";
                LIB_DIR = "../macosx-x64-default/bin";
                INC_DIR = "../macosx-x64-default/inc";
                OBJ_DIR = "../macosx-x64-default/obj";
                SRC_DIR = "..";

                CONFIGURATION_TEMP_DIR = "$(OBJ_DIR)/tmp/$(CONFIGURATION)";
                CONFIGURATION_BUILD_DIR = "$(BIN_DIR)";
                INSTALL_PATH = "/usr/lib/http";
                DSTROOT = "/tmp/http.dst";
                OBJROOT = "$(OBJ_DIR)";
                SYMROOT = "$(BIN_DIR)";
				GCC_WARN_64_TO_32_BIT_CONVERSION = YES;
				GCC_WARN_64_TO_32_BIT_CONVERSION = YES;
				GCC_WARN_UNUSED_VARIABLE = NO;
				GCC_WARN_UNUSED_FUNCTION = NO;
				GCC_WARN_UNUSED_LABEL = NO;
				GCC_WARN_64_TO_32_BIT_CONVERSION = YES;
				GCC_WARN_64_TO_32_BIT_CONVERSION = YES;
				GCC_WARN_UNUSED_VARIABLE = NO;
				GCC_WARN_UNUSED_FUNCTION = NO;
				GCC_WARN_UNUSED_LABEL = NO;

                /* Release Settings */
				COPY_PHASE_STRIP = YES;
				DEBUG_INFORMATION_FORMAT = "dwarf-with-dsym";
				GCC_OPTIMIZATION_LEVEL = s;
                GCC_WARN_UNINITIALIZED_AUTOS = NO;
				HEADER_SEARCH_PATHS = (
					"../macosx-x64-default/inc",
					"$(inherited)"
				);

				LIBRARY_SEARCH_PATHS = (
					"../macosx-x64-default/bin",
					"$(inherited)"
				);
				OTHER_LDFLAGS = (
					"-Wl,-rpath,@executable_path/",
					"-Wl,-rpath,@loader_path/",
					"-ldl",
					"-lpthread",
					"-lm",
					"$(inherited)"
				);

			};
			name = Release;
		};
		8D6C0C438D6C3733000000DE /* Debug */ = {
			isa = XCBuildConfiguration;
			buildSettings = {
				PRODUCT_NAME = libest;

				HEADER_SEARCH_PATHS = (
					"../src",
					"$(inherited)"
				);
				GCC_PREPROCESSOR_DEFINITIONS = (
					"BIT_DEBUG",
					"$(inherited)"
				);
			};
			name = Debug;
		};
		8D6C0C438D6C3733000000DF /* Release */ = {
			isa = XCBuildConfiguration;
			buildSettings = {
				PRODUCT_NAME = libest;

				HEADER_SEARCH_PATHS = (
					"../src",
					"$(inherited)"
				);

			};
			name = Release;
		};
		8D6C0C438D6C3733000000E0 /* Debug */ = {
			isa = XCBuildConfiguration;
			buildSettings = {
				PRODUCT_NAME = ca-crt;

				HEADER_SEARCH_PATHS = (
					"../src",
					"$(inherited)"
				);
				GCC_PREPROCESSOR_DEFINITIONS = (
					"BIT_DEBUG",
					"$(inherited)"
				);
			};
			name = Debug;
		};
		8D6C0C438D6C3733000000E1 /* Release */ = {
			isa = XCBuildConfiguration;
			buildSettings = {
				PRODUCT_NAME = ca-crt;

				HEADER_SEARCH_PATHS = (
					"../src",
					"$(inherited)"
				);

			};
			name = Release;
		};
		8D6C0C438D6C3733000000E2 /* Debug */ = {
			isa = XCBuildConfiguration;
			buildSettings = {
				PRODUCT_NAME = libpcre;

				HEADER_SEARCH_PATHS = (
					"../src",
					"$(inherited)"
				);
				GCC_PREPROCESSOR_DEFINITIONS = (
					"PCRE_CHAR=char",
					"BIT_DEBUG",
					"$(inherited)"
				);
			};
			name = Debug;
		};
		8D6C0C438D6C3733000000E3 /* Release */ = {
			isa = XCBuildConfiguration;
			buildSettings = {
				PRODUCT_NAME = libpcre;

				HEADER_SEARCH_PATHS = (
					"../src",
					"$(inherited)"
				);
				GCC_PREPROCESSOR_DEFINITIONS = (
					"PCRE_CHAR=char",
					"$(inherited)"
				);
			};
			name = Release;
		};
		8D6C0C438D6C3733000000E4 /* Debug */ = {
			isa = XCBuildConfiguration;
			buildSettings = {
				PRODUCT_NAME = libmpr;

				HEADER_SEARCH_PATHS = (
					"../src",
					"$(inherited)"
				);
				GCC_PREPROCESSOR_DEFINITIONS = (
					"BIT_DEBUG",
					"$(inherited)"
				);
			};
			name = Debug;
		};
		8D6C0C438D6C3733000000E5 /* Release */ = {
			isa = XCBuildConfiguration;
			buildSettings = {
				PRODUCT_NAME = libmpr;

				HEADER_SEARCH_PATHS = (
					"../src",
					"$(inherited)"
				);

			};
			name = Release;
		};
		8D6C0C438D6C3733000000E6 /* Debug */ = {
			isa = XCBuildConfiguration;
			buildSettings = {
				PRODUCT_NAME = libmprssl;

				HEADER_SEARCH_PATHS = (
					"../src",
					"$(inherited)"
				);
				GCC_PREPROCESSOR_DEFINITIONS = (
					"BIT_DEBUG",
					"$(inherited)"
				);
			};
			name = Debug;
		};
		8D6C0C438D6C3733000000E7 /* Release */ = {
			isa = XCBuildConfiguration;
			buildSettings = {
				PRODUCT_NAME = libmprssl;

				HEADER_SEARCH_PATHS = (
					"../src",
					"$(inherited)"
				);

			};
			name = Release;
		};
		8D6C0C438D6C3733000000E8 /* Debug */ = {
			isa = XCBuildConfiguration;
			buildSettings = {
				PRODUCT_NAME = makerom;

				HEADER_SEARCH_PATHS = (
					"../src",
					"$(inherited)"
				);
				GCC_PREPROCESSOR_DEFINITIONS = (
					"BIT_DEBUG",
					"$(inherited)"
				);
			};
			name = Debug;
		};
		8D6C0C438D6C3733000000E9 /* Release */ = {
			isa = XCBuildConfiguration;
			buildSettings = {
				PRODUCT_NAME = makerom;

				HEADER_SEARCH_PATHS = (
					"../src",
					"$(inherited)"
				);

			};
			name = Release;
		};
		8D6C0C438D6C3733000000EA /* Debug */ = {
			isa = XCBuildConfiguration;
			buildSettings = {
				PRODUCT_NAME = testHttp;

				HEADER_SEARCH_PATHS = (
					"../src",
					"$(inherited)"
				);
				GCC_PREPROCESSOR_DEFINITIONS = (
					"BIT_DEBUG",
					"$(inherited)"
				);
			};
			name = Debug;
		};
		8D6C0C438D6C3733000000EB /* Release */ = {
			isa = XCBuildConfiguration;
			buildSettings = {
				PRODUCT_NAME = testHttp;

				HEADER_SEARCH_PATHS = (
					"../src",
					"$(inherited)"
				);

			};
			name = Release;
		};
		8D6C0C438D6C3733000000EC /* Debug */ = {
			isa = XCBuildConfiguration;
			buildSettings = {
				PRODUCT_NAME = libhttp;

				HEADER_SEARCH_PATHS = (
					"../src",
					"$(inherited)"
				);
				GCC_PREPROCESSOR_DEFINITIONS = (
					"BIT_DEBUG",
					"$(inherited)"
				);
				OTHER_LDFLAGS = (
					"-lpam",
					"$(inherited)"
				);

			};
			name = Debug;
		};
		8D6C0C438D6C3733000000ED /* Release */ = {
			isa = XCBuildConfiguration;
			buildSettings = {
				PRODUCT_NAME = libhttp;

				HEADER_SEARCH_PATHS = (
					"../src",
					"$(inherited)"
				);

				OTHER_LDFLAGS = (
					"-lpam",
					"$(inherited)"
				);

			};
			name = Release;
		};
		8D6C0C438D6C3733000000EE /* Debug */ = {
			isa = XCBuildConfiguration;
			buildSettings = {
				PRODUCT_NAME = httpcmd;

				HEADER_SEARCH_PATHS = (
					"../src",
					"$(inherited)"
				);
				GCC_PREPROCESSOR_DEFINITIONS = (
					"BIT_DEBUG",
					"$(inherited)"
				);
			};
			name = Debug;
		};
		8D6C0C438D6C3733000000EF /* Release */ = {
			isa = XCBuildConfiguration;
			buildSettings = {
				PRODUCT_NAME = httpcmd;

				HEADER_SEARCH_PATHS = (
					"../src",
					"$(inherited)"
				);

			};
			name = Release;
		};
		8D6C0C438D6C3733000000F0 /* Debug */ = {
			isa = XCBuildConfiguration;
			buildSettings = {
				PRODUCT_NAME = All;

				GCC_PREPROCESSOR_DEFINITIONS = (
					"BIT_DEBUG",
					"$(inherited)"
				);
			};
			name = Debug;
		};
		8D6C0C438D6C3733000000F1 /* Release */ = {
			isa = XCBuildConfiguration;
			buildSettings = {
				PRODUCT_NAME = All;


			};
			name = Release;
		};
		8D6C0C438D6C3733000000F2 /* Debug */ = {
			isa = XCBuildConfiguration;
			buildSettings = {
				PRODUCT_NAME = Prep;

				GCC_PREPROCESSOR_DEFINITIONS = (
					"BIT_DEBUG",
					"$(inherited)"
				);
			};
			name = Debug;
		};
		8D6C0C438D6C3733000000F3 /* Release */ = {
			isa = XCBuildConfiguration;
			buildSettings = {
				PRODUCT_NAME = Prep;


			};
			name = Release;
		};
/* End XCBuildConfiguration section */

/* Begin XCConfigurationList section */
		8D6C0C438D6C373300000002 /* Build configuration list for PBXProject "http" */ = {
			isa = XCConfigurationList;
			buildConfigurations = (
				8D6C0C438D6C373300000003 /* Debug */,
				8D6C0C438D6C373300000004 /* Release */,
			);
			defaultConfigurationIsVisible = 0;
			defaultConfigurationName = Release;
		};
		8D6C0C438D6C3733000000BB /* Build configuration list for PBXNativeTarget "libest" */ = {
			isa = XCConfigurationList;
			buildConfigurations = (
				8D6C0C438D6C3733000000DE /* Debug */,
				8D6C0C438D6C3733000000DF /* Release */,
			);
			defaultConfigurationIsVisible = 0;
			defaultConfigurationName = Release;
		};
		8D6C0C438D6C373300000005 /* Build configuration list for PBXNativeTarget "ca-crt" */ = {
			isa = XCConfigurationList;
			buildConfigurations = (
				8D6C0C438D6C3733000000E0 /* Debug */,
				8D6C0C438D6C3733000000E1 /* Release */,
			);
			defaultConfigurationIsVisible = 0;
			defaultConfigurationName = Release;
		};
		8D6C0C438D6C3733000000BE /* Build configuration list for PBXNativeTarget "libpcre" */ = {
			isa = XCConfigurationList;
			buildConfigurations = (
				8D6C0C438D6C3733000000E2 /* Debug */,
				8D6C0C438D6C3733000000E3 /* Release */,
			);
			defaultConfigurationIsVisible = 0;
			defaultConfigurationName = Release;
		};
		8D6C0C438D6C3733000000C1 /* Build configuration list for PBXNativeTarget "libmpr" */ = {
			isa = XCConfigurationList;
			buildConfigurations = (
				8D6C0C438D6C3733000000E4 /* Debug */,
				8D6C0C438D6C3733000000E5 /* Release */,
			);
			defaultConfigurationIsVisible = 0;
			defaultConfigurationName = Release;
		};
		8D6C0C438D6C3733000000C4 /* Build configuration list for PBXNativeTarget "libmprssl" */ = {
			isa = XCConfigurationList;
			buildConfigurations = (
				8D6C0C438D6C3733000000E6 /* Debug */,
				8D6C0C438D6C3733000000E7 /* Release */,
			);
			defaultConfigurationIsVisible = 0;
			defaultConfigurationName = Release;
		};
		8D6C0C438D6C3733000000C9 /* Build configuration list for PBXNativeTarget "makerom" */ = {
			isa = XCConfigurationList;
			buildConfigurations = (
				8D6C0C438D6C3733000000E8 /* Debug */,
				8D6C0C438D6C3733000000E9 /* Release */,
			);
			defaultConfigurationIsVisible = 0;
			defaultConfigurationName = Release;
		};
		8D6C0C438D6C3733000000CD /* Build configuration list for PBXNativeTarget "testHttp" */ = {
			isa = XCConfigurationList;
			buildConfigurations = (
				8D6C0C438D6C3733000000EA /* Debug */,
				8D6C0C438D6C3733000000EB /* Release */,
			);
			defaultConfigurationIsVisible = 0;
			defaultConfigurationName = Release;
		};
		8D6C0C438D6C3733000000D3 /* Build configuration list for PBXNativeTarget "libhttp" */ = {
			isa = XCConfigurationList;
			buildConfigurations = (
				8D6C0C438D6C3733000000EC /* Debug */,
				8D6C0C438D6C3733000000ED /* Release */,
			);
			defaultConfigurationIsVisible = 0;
			defaultConfigurationName = Release;
		};
		8D6C0C438D6C3733000000D8 /* Build configuration list for PBXNativeTarget "httpcmd" */ = {
			isa = XCConfigurationList;
			buildConfigurations = (
				8D6C0C438D6C3733000000EE /* Debug */,
				8D6C0C438D6C3733000000EF /* Release */,
			);
			defaultConfigurationIsVisible = 0;
			defaultConfigurationName = Release;
		};
		8D6C0C438D6C373300000009 /* Build configuration list for PBXNativeTarget "All" */ = {
			isa = XCConfigurationList;
			buildConfigurations = (
				8D6C0C438D6C3733000000F0 /* Debug */,
				8D6C0C438D6C3733000000F1 /* Release */,
			);
			defaultConfigurationIsVisible = 0;
			defaultConfigurationName = Release;
		};
		8D6C0C438D6C373300000014 /* Build configuration list for PBXNativeTarget "Prep" */ = {
			isa = XCConfigurationList;
			buildConfigurations = (
				8D6C0C438D6C3733000000F2 /* Debug */,
				8D6C0C438D6C3733000000F3 /* Release */,
			);
			defaultConfigurationIsVisible = 0;
			defaultConfigurationName = Release;
		};
/* End XCConfigurationList section */
	};
	rootObject = 8D6C0C438D6C373300000001 /* Project object */;
}
